// !$*UTF8*$!
{
	archiveVersion = 1;
	classes = {
	};
	objectVersion = 56;
	objects = {

/* Begin PBXBuildFile section */
		25B9B6762E779722002C065F /* test_1App.swift in Sources */ = {isa = PBXBuildFile; fileRef = 25B9B6752E779722002C065F /* test_1App.swift */; };
		25B9B6782E779722002C065F /* ContentView.swift in Sources */ = {isa = PBXBuildFile; fileRef = 25B9B6772E779722002C065F /* ContentView.swift */; };
		25B9B67A2E779723002C065F /* Assets.xcassets in Resources */ = {isa = PBXBuildFile; fileRef = 25B9B6792E779723002C065F /* Assets.xcassets */; };
		25B9B67D2E779723002C065F /* Preview Assets.xcassets in Resources */ = {isa = PBXBuildFile; fileRef = 25B9B67C2E779723002C065F /* Preview Assets.xcassets */; };
		25B9B6872E779723002C065F /* test_1Tests.swift in Sources */ = {isa = PBXBuildFile; fileRef = 25B9B6862E779723002C065F /* test_1Tests.swift */; };
		25B9B6912E779723002C065F /* test_1UITests.swift in Sources */ = {isa = PBXBuildFile; fileRef = 25B9B6902E779723002C065F /* test_1UITests.swift */; };
		25B9B6932E779723002C065F /* test_1UITestsLaunchTests.swift in Sources */ = {isa = PBXBuildFile; fileRef = 25B9B6922E779723002C065F /* test_1UITestsLaunchTests.swift */; };
/* End PBXBuildFile section */

/* Begin PBXContainerItemProxy section */
		25B9B6832E779723002C065F /* PBXContainerItemProxy */ = {
			isa = PBXContainerItemProxy;
			containerPortal = 25B9B66A2E779722002C065F /* Project object */;
			proxyType = 1;
			remoteGlobalIDString = 25B9B6712E779722002C065F;
			remoteInfo = "test#1";
		};
		25B9B68D2E779723002C065F /* PBXContainerItemProxy */ = {
			isa = PBXContainerItemProxy;
			containerPortal = 25B9B66A2E779722002C065F /* Project object */;
			proxyType = 1;
			remoteGlobalIDString = 25B9B6712E779722002C065F;
			remoteInfo = "test#1";
		};
/* End PBXContainerItemProxy section */

/* Begin PBXFileReference section */
		25B9B6722E779722002C065F /* test#1.app */ = {isa = PBXFileReference; explicitFileType = wrapper.application; includeInIndex = 0; path = "test#1.app"; sourceTree = BUILT_PRODUCTS_DIR; };
		25B9B6752E779722002C065F /* test_1App.swift */ = {isa = PBXFileReference; lastKnownFileType = sourcecode.swift; path = test_1App.swift; sourceTree = "<group>"; };
		25B9B6772E779722002C065F /* ContentView.swift */ = {isa = PBXFileReference; lastKnownFileType = sourcecode.swift; path = ContentView.swift; sourceTree = "<group>"; };
		25B9B6792E779723002C065F /* Assets.xcassets */ = {isa = PBXFileReference; lastKnownFileType = folder.assetcatalog; path = Assets.xcassets; sourceTree = "<group>"; };
		25B9B67C2E779723002C065F /* Preview Assets.xcassets */ = {isa = PBXFileReference; lastKnownFileType = folder.assetcatalog; path = "Preview Assets.xcassets"; sourceTree = "<group>"; };
		25B9B6822E779723002C065F /* test#1Tests.xctest */ = {isa = PBXFileReference; explicitFileType = wrapper.cfbundle; includeInIndex = 0; path = "test#1Tests.xctest"; sourceTree = BUILT_PRODUCTS_DIR; };
		25B9B6862E779723002C065F /* test_1Tests.swift */ = {isa = PBXFileReference; lastKnownFileType = sourcecode.swift; path = test_1Tests.swift; sourceTree = "<group>"; };
		25B9B68C2E779723002C065F /* test#1UITests.xctest */ = {isa = PBXFileReference; explicitFileType = wrapper.cfbundle; includeInIndex = 0; path = "test#1UITests.xctest"; sourceTree = BUILT_PRODUCTS_DIR; };
		25B9B6902E779723002C065F /* test_1UITests.swift */ = {isa = PBXFileReference; lastKnownFileType = sourcecode.swift; path = test_1UITests.swift; sourceTree = "<group>"; };
		25B9B6922E779723002C065F /* test_1UITestsLaunchTests.swift */ = {isa = PBXFileReference; lastKnownFileType = sourcecode.swift; path = test_1UITestsLaunchTests.swift; sourceTree = "<group>"; };
/* End PBXFileReference section */

/* Begin PBXFrameworksBuildPhase section */
		25B9B66F2E779722002C065F /* Frameworks */ = {
			isa = PBXFrameworksBuildPhase;
			buildActionMask = 2147483647;
			files = (
			);
			runOnlyForDeploymentPostprocessing = 0;
		};
		25B9B67F2E779723002C065F /* Frameworks */ = {
			isa = PBXFrameworksBuildPhase;
			buildActionMask = 2147483647;
			files = (
			);
			runOnlyForDeploymentPostprocessing = 0;
		};
		25B9B6892E779723002C065F /* Frameworks */ = {
			isa = PBXFrameworksBuildPhase;
			buildActionMask = 2147483647;
			files = (
			);
			runOnlyForDeploymentPostprocessing = 0;
		};
/* End PBXFrameworksBuildPhase section */

/* Begin PBXGroup section */
		25B9B6692E779722002C065F = {
			isa = PBXGroup;
			children = (
				25B9B6742E779722002C065F /* test#1 */,
				25B9B6852E779723002C065F /* test#1Tests */,
				25B9B68F2E779723002C065F /* test#1UITests */,
				25B9B6732E779722002C065F /* Products */,
			);
			sourceTree = "<group>";
		};
		25B9B6732E779722002C065F /* Products */ = {
			isa = PBXGroup;
			children = (
				25B9B6722E779722002C065F /* test#1.app */,
				25B9B6822E779723002C065F /* test#1Tests.xctest */,
				25B9B68C2E779723002C065F /* test#1UITests.xctest */,
			);
			name = Products;
			sourceTree = "<group>";
		};
		25B9B6742E779722002C065F /* test#1 */ = {
			isa = PBXGroup;
			children = (
				25B9B6752E779722002C065F /* test_1App.swift */,
				25B9B6772E779722002C065F /* ContentView.swift */,
				25B9B6792E779723002C065F /* Assets.xcassets */,
				25B9B67B2E779723002C065F /* Preview Content */,
			);
			path = "test#1";
			sourceTree = "<group>";
		};
		25B9B67B2E779723002C065F /* Preview Content */ = {
			isa = PBXGroup;
			children = (
				25B9B67C2E779723002C065F /* Preview Assets.xcassets */,
			);
			path = "Preview Content";
			sourceTree = "<group>";
		};
		25B9B6852E779723002C065F /* test#1Tests */ = {
			isa = PBXGroup;
			children = (
				25B9B6862E779723002C065F /* test_1Tests.swift */,
			);
			path = "test#1Tests";
			sourceTree = "<group>";
		};
		25B9B68F2E779723002C065F /* test#1UITests */ = {
			isa = PBXGroup;
			children = (
				25B9B6902E779723002C065F /* test_1UITests.swift */,
				25B9B6922E779723002C065F /* test_1UITestsLaunchTests.swift */,
			);
			path = "test#1UITests";
			sourceTree = "<group>";
		};
/* End PBXGroup section */

/* Begin PBXNativeTarget section */
		25B9B6712E779722002C065F /* test#1 */ = {
			isa = PBXNativeTarget;
			buildConfigurationList = 25B9B6962E779723002C065F /* Build configuration list for PBXNativeTarget "test#1" */;
			buildPhases = (
				25B9B66E2E779722002C065F /* Sources */,
				25B9B66F2E779722002C065F /* Frameworks */,
				25B9B6702E779722002C065F /* Resources */,
			);
			buildRules = (
			);
			dependencies = (
			);
			name = "test#1";
			productName = "test#1";
			productReference = 25B9B6722E779722002C065F /* test#1.app */;
			productType = "com.apple.product-type.application";
		};
		25B9B6812E779723002C065F /* test#1Tests */ = {
			isa = PBXNativeTarget;
			buildConfigurationList = 25B9B6992E779723002C065F /* Build configuration list for PBXNativeTarget "test#1Tests" */;
			buildPhases = (
				25B9B67E2E779723002C065F /* Sources */,
				25B9B67F2E779723002C065F /* Frameworks */,
				25B9B6802E779723002C065F /* Resources */,
			);
			buildRules = (
			);
			dependencies = (
				25B9B6842E779723002C065F /* PBXTargetDependency */,
			);
			name = "test#1Tests";
			productName = "test#1Tests";
			productReference = 25B9B6822E779723002C065F /* test#1Tests.xctest */;
			productType = "com.apple.product-type.bundle.unit-test";
		};
		25B9B68B2E779723002C065F /* test#1UITests */ = {
			isa = PBXNativeTarget;
			buildConfigurationList = 25B9B69C2E779723002C065F /* Build configuration list for PBXNativeTarget "test#1UITests" */;
			buildPhases = (
				25B9B6882E779723002C065F /* Sources */,
				25B9B6892E779723002C065F /* Frameworks */,
				25B9B68A2E779723002C065F /* Resources */,
			);
			buildRules = (
			);
			dependencies = (
				25B9B68E2E779723002C065F /* PBXTargetDependency */,
			);
			name = "test#1UITests";
			productName = "test#1UITests";
			productReference = 25B9B68C2E779723002C065F /* test#1UITests.xctest */;
			productType = "com.apple.product-type.bundle.ui-testing";
		};
/* End PBXNativeTarget section */

/* Begin PBXProject section */
		25B9B66A2E779722002C065F /* Project object */ = {
			isa = PBXProject;
			attributes = {
				BuildIndependentTargetsInParallel = 1;
				LastSwiftUpdateCheck = 1520;
				LastUpgradeCheck = 1520;
				TargetAttributes = {
					25B9B6712E779722002C065F = {
						CreatedOnToolsVersion = 15.2;
					};
					25B9B6812E779723002C065F = {
						CreatedOnToolsVersion = 15.2;
						TestTargetID = 25B9B6712E779722002C065F;
					};
					25B9B68B2E779723002C065F = {
						CreatedOnToolsVersion = 15.2;
						TestTargetID = 25B9B6712E779722002C065F;
					};
				};
			};
			buildConfigurationList = 25B9B66D2E779722002C065F /* Build configuration list for PBXProject "test#1" */;
			compatibilityVersion = "Xcode 14.0";
			developmentRegion = en;
			hasScannedForEncodings = 0;
			knownRegions = (
				en,
				Base,
			);
			mainGroup = 25B9B6692E779722002C065F;
			productRefGroup = 25B9B6732E779722002C065F /* Products */;
			projectDirPath = "";
			projectRoot = "";
			targets = (
				25B9B6712E779722002C065F /* test#1 */,
				25B9B6812E779723002C065F /* test#1Tests */,
				25B9B68B2E779723002C065F /* test#1UITests */,
			);
		};
/* End PBXProject section */

/* Begin PBXResourcesBuildPhase section */
		25B9B6702E779722002C065F /* Resources */ = {
			isa = PBXResourcesBuildPhase;
			buildActionMask = 2147483647;
			files = (
				25B9B67D2E779723002C065F /* Preview Assets.xcassets in Resources */,
				25B9B67A2E779723002C065F /* Assets.xcassets in Resources */,
			);
			runOnlyForDeploymentPostprocessing = 0;
		};
		25B9B6802E779723002C065F /* Resources */ = {
			isa = PBXResourcesBuildPhase;
			buildActionMask = 2147483647;
			files = (
			);
			runOnlyForDeploymentPostprocessing = 0;
		};
		25B9B68A2E779723002C065F /* Resources */ = {
			isa = PBXResourcesBuildPhase;
			buildActionMask = 2147483647;
			files = (
			);
			runOnlyForDeploymentPostprocessing = 0;
		};
/* End PBXResourcesBuildPhase section */

/* Begin PBXSourcesBuildPhase section */
		25B9B66E2E779722002C065F /* Sources */ = {
			isa = PBXSourcesBuildPhase;
			buildActionMask = 2147483647;
			files = (
				25B9B6782E779722002C065F /* ContentView.swift in Sources */,
				25B9B6762E779722002C065F /* test_1App.swift in Sources */,
			);
			runOnlyForDeploymentPostprocessing = 0;
		};
		25B9B67E2E779723002C065F /* Sources */ = {
			isa = PBXSourcesBuildPhase;
			buildActionMask = 2147483647;
			files = (
				25B9B6872E779723002C065F /* test_1Tests.swift in Sources */,
			);
			runOnlyForDeploymentPostprocessing = 0;
		};
		25B9B6882E779723002C065F /* Sources */ = {
			isa = PBXSourcesBuildPhase;
			buildActionMask = 2147483647;
			files = (
				25B9B6932E779723002C065F /* test_1UITestsLaunchTests.swift in Sources */,
				25B9B6912E779723002C065F /* test_1UITests.swift in Sources */,
			);
			runOnlyForDeploymentPostprocessing = 0;
		};
/* End PBXSourcesBuildPhase section */

/* Begin PBXTargetDependency section */
		25B9B6842E779723002C065F /* PBXTargetDependency */ = {
			isa = PBXTargetDependency;
			target = 25B9B6712E779722002C065F /* test#1 */;
			targetProxy = 25B9B6832E779723002C065F /* PBXContainerItemProxy */;
		};
		25B9B68E2E779723002C065F /* PBXTargetDependency */ = {
			isa = PBXTargetDependency;
			target = 25B9B6712E779722002C065F /* test#1 */;
			targetProxy = 25B9B68D2E779723002C065F /* PBXContainerItemProxy */;
		};
/* End PBXTargetDependency section */

/* Begin XCBuildConfiguration section */
		25B9B6942E779723002C065F /* Debug */ = {
			isa = XCBuildConfiguration;
			buildSettings = {
				ALWAYS_SEARCH_USER_PATHS = NO;
				ASSETCATALOG_COMPILER_GENERATE_SWIFT_ASSET_SYMBOL_EXTENSIONS = YES;
				CLANG_ANALYZER_NONNULL = YES;
				CLANG_ANALYZER_NUMBER_OBJECT_CONVERSION = YES_AGGRESSIVE;
				CLANG_CXX_LANGUAGE_STANDARD = "gnu++20";
				CLANG_ENABLE_MODULES = YES;
				CLANG_ENABLE_OBJC_ARC = YES;
				CLANG_ENABLE_OBJC_WEAK = YES;
				CLANG_WARN_BLOCK_CAPTURE_AUTORELEASING = YES;
				CLANG_WARN_BOOL_CONVERSION = YES;
				CLANG_WARN_COMMA = YES;
				CLANG_WARN_CONSTANT_CONVERSION = YES;
				CLANG_WARN_DEPRECATED_OBJC_IMPLEMENTATIONS = YES;
				CLANG_WARN_DIRECT_OBJC_ISA_USAGE = YES_ERROR;
				CLANG_WARN_DOCUMENTATION_COMMENTS = YES;
				CLANG_WARN_EMPTY_BODY = YES;
				CLANG_WARN_ENUM_CONVERSION = YES;
				CLANG_WARN_INFINITE_RECURSION = YES;
				CLANG_WARN_INT_CONVERSION = YES;
				CLANG_WARN_NON_LITERAL_NULL_CONVERSION = YES;
				CLANG_WARN_OBJC_IMPLICIT_RETAIN_SELF = YES;
				CLANG_WARN_OBJC_LITERAL_CONVERSION = YES;
				CLANG_WARN_OBJC_ROOT_CLASS = YES_ERROR;
				CLANG_WARN_QUOTED_INCLUDE_IN_FRAMEWORK_HEADER = YES;
				CLANG_WARN_RANGE_LOOP_ANALYSIS = YES;
				CLANG_WARN_STRICT_PROTOTYPES = YES;
				CLANG_WARN_SUSPICIOUS_MOVE = YES;
				CLANG_WARN_UNGUARDED_AVAILABILITY = YES_AGGRESSIVE;
				CLANG_WARN_UNREACHABLE_CODE = YES;
				CLANG_WARN__DUPLICATE_METHOD_MATCH = YES;
				COPY_PHASE_STRIP = NO;
				DEBUG_INFORMATION_FORMAT = dwarf;
				ENABLE_STRICT_OBJC_MSGSEND = YES;
				ENABLE_TESTABILITY = YES;
				ENABLE_USER_SCRIPT_SANDBOXING = YES;
				GCC_C_LANGUAGE_STANDARD = gnu17;
				GCC_DYNAMIC_NO_PIC = NO;
				GCC_NO_COMMON_BLOCKS = YES;
				GCC_OPTIMIZATION_LEVEL = 0;
				GCC_PREPROCESSOR_DEFINITIONS = (
					"DEBUG=1",
					"$(inherited)",
				);
				GCC_WARN_64_TO_32_BIT_CONVERSION = YES;
				GCC_WARN_ABOUT_RETURN_TYPE = YES_ERROR;
				GCC_WARN_UNDECLARED_SELECTOR = YES;
				GCC_WARN_UNINITIALIZED_AUTOS = YES_AGGRESSIVE;
				GCC_WARN_UNUSED_FUNCTION = YES;
				GCC_WARN_UNUSED_VARIABLE = YES;
				IPHONEOS_DEPLOYMENT_TARGET = 17.2;
				LOCALIZATION_PREFERS_STRING_CATALOGS = YES;
				MTL_ENABLE_DEBUG_INFO = INCLUDE_SOURCE;
				MTL_FAST_MATH = YES;
				ONLY_ACTIVE_ARCH = YES;
				SDKROOT = iphoneos;
				SWIFT_ACTIVE_COMPILATION_CONDITIONS = "DEBUG $(inherited)";
				SWIFT_OPTIMIZATION_LEVEL = "-Onone";
			};
			name = Debug;
		};
		25B9B6952E779723002C065F /* Release */ = {
			isa = XCBuildConfiguration;
			buildSettings = {
				ALWAYS_SEARCH_USER_PATHS = NO;
				ASSETCATALOG_COMPILER_GENERATE_SWIFT_ASSET_SYMBOL_EXTENSIONS = YES;
				CLANG_ANALYZER_NONNULL = YES;
				CLANG_ANALYZER_NUMBER_OBJECT_CONVERSION = YES_AGGRESSIVE;
				CLANG_CXX_LANGUAGE_STANDARD = "gnu++20";
				CLANG_ENABLE_MODULES = YES;
				CLANG_ENABLE_OBJC_ARC = YES;
				CLANG_ENABLE_OBJC_WEAK = YES;
				CLANG_WARN_BLOCK_CAPTURE_AUTORELEASING = YES;
				CLANG_WARN_BOOL_CONVERSION = YES;
				CLANG_WARN_COMMA = YES;
				CLANG_WARN_CONSTANT_CONVERSION = YES;
				CLANG_WARN_DEPRECATED_OBJC_IMPLEMENTATIONS = YES;
				CLANG_WARN_DIRECT_OBJC_ISA_USAGE = YES_ERROR;
				CLANG_WARN_DOCUMENTATION_COMMENTS = YES;
				CLANG_WARN_EMPTY_BODY = YES;
				CLANG_WARN_ENUM_CONVERSION = YES;
				CLANG_WARN_INFINITE_RECURSION = YES;
				CLANG_WARN_INT_CONVERSION = YES;
				CLANG_WARN_NON_LITERAL_NULL_CONVERSION = YES;
				CLANG_WARN_OBJC_IMPLICIT_RETAIN_SELF = YES;
				CLANG_WARN_OBJC_LITERAL_CONVERSION = YES;
				CLANG_WARN_OBJC_ROOT_CLASS = YES_ERROR;
				CLANG_WARN_QUOTED_INCLUDE_IN_FRAMEWORK_HEADER = YES;
				CLANG_WARN_RANGE_LOOP_ANALYSIS = YES;
				CLANG_WARN_STRICT_PROTOTYPES = YES;
				CLANG_WARN_SUSPICIOUS_MOVE = YES;
				CLANG_WARN_UNGUARDED_AVAILABILITY = YES_AGGRESSIVE;
				CLANG_WARN_UNREACHABLE_CODE = YES;
				CLANG_WARN__DUPLICATE_METHOD_MATCH = YES;
				COPY_PHASE_STRIP = NO;
				DEBUG_INFORMATION_FORMAT = "dwarf-with-dsym";
				ENABLE_NS_ASSERTIONS = NO;
				ENABLE_STRICT_OBJC_MSGSEND = YES;
				ENABLE_USER_SCRIPT_SANDBOXING = YES;
				GCC_C_LANGUAGE_STANDARD = gnu17;
				GCC_NO_COMMON_BLOCKS = YES;
				GCC_WARN_64_TO_32_BIT_CONVERSION = YES;
				GCC_WARN_ABOUT_RETURN_TYPE = YES_ERROR;
				GCC_WARN_UNDECLARED_SELECTOR = YES;
				GCC_WARN_UNINITIALIZED_AUTOS = YES_AGGRESSIVE;
				GCC_WARN_UNUSED_FUNCTION = YES;
				GCC_WARN_UNUSED_VARIABLE = YES;
				IPHONEOS_DEPLOYMENT_TARGET = 17.2;
				LOCALIZATION_PREFERS_STRING_CATALOGS = YES;
				MTL_ENABLE_DEBUG_INFO = NO;
				MTL_FAST_MATH = YES;
				SDKROOT = iphoneos;
				SWIFT_COMPILATION_MODE = wholemodule;
				VALIDATE_PRODUCT = YES;
			};
			name = Release;
		};
		25B9B6972E779723002C065F /* Debug */ = {
			isa = XCBuildConfiguration;
			buildSettings = {
				ASSETCATALOG_COMPILER_APPICON_NAME = AppIcon;
				ASSETCATALOG_COMPILER_GLOBAL_ACCENT_COLOR_NAME = AccentColor;
				CODE_SIGN_STYLE = Automatic;
				CURRENT_PROJECT_VERSION = 1;
				DEVELOPMENT_ASSET_PATHS = "\"test#1/Preview Content\"";
				DEVELOPMENT_TEAM = L25G4D8N2N;
				ENABLE_PREVIEWS = YES;
				GENERATE_INFOPLIST_FILE = YES;
				INFOPLIST_KEY_UIApplicationSceneManifest_Generation = YES;
				INFOPLIST_KEY_UIApplicationSupportsIndirectInputEvents = YES;
				INFOPLIST_KEY_UILaunchScreen_Generation = YES;
				INFOPLIST_KEY_UISupportedInterfaceOrientations_iPad = "UIInterfaceOrientationPortrait UIInterfaceOrientationPortraitUpsideDown UIInterfaceOrientationLandscapeLeft UIInterfaceOrientationLandscapeRight";
				INFOPLIST_KEY_UISupportedInterfaceOrientations_iPhone = "UIInterfaceOrientationPortrait UIInterfaceOrientationLandscapeLeft UIInterfaceOrientationLandscapeRight";
				LD_RUNPATH_SEARCH_PATHS = (
					"$(inherited)",
					"@executable_path/Frameworks",
				);
				MARKETING_VERSION = 1.0;
				PRODUCT_BUNDLE_IDENTIFIER = "Fordham-Univeristy.test-1";
				PRODUCT_NAME = "$(TARGET_NAME)";
				SWIFT_EMIT_LOC_STRINGS = YES;
				SWIFT_VERSION = 5.0;
				TARGETED_DEVICE_FAMILY = "1,2";
			};
			name = Debug;
		};
		25B9B6982E779723002C065F /* Release */ = {
			isa = XCBuildConfiguration;
			buildSettings = {
				ASSETCATALOG_COMPILER_APPICON_NAME = AppIcon;
				ASSETCATALOG_COMPILER_GLOBAL_ACCENT_COLOR_NAME = AccentColor;
				CODE_SIGN_STYLE = Automatic;
				CURRENT_PROJECT_VERSION = 1;
				DEVELOPMENT_ASSET_PATHS = "\"test#1/Preview Content\"";
				DEVELOPMENT_TEAM = L25G4D8N2N;
				ENABLE_PREVIEWS = YES;
				GENERATE_INFOPLIST_FILE = YES;
				INFOPLIST_KEY_UIApplicationSceneManifest_Generation = YES;
				INFOPLIST_KEY_UIApplicationSupportsIndirectInputEvents = YES;
				INFOPLIST_KEY_UILaunchScreen_Generation = YES;
				INFOPLIST_KEY_UISupportedInterfaceOrientations_iPad = "UIInterfaceOrientationPortrait UIInterfaceOrientationPortraitUpsideDown UIInterfaceOrientationLandscapeLeft UIInterfaceOrientationLandscapeRight";
				INFOPLIST_KEY_UISupportedInterfaceOrientations_iPhone = "UIInterfaceOrientationPortrait UIInterfaceOrientationLandscapeLeft UIInterfaceOrientationLandscapeRight";
				LD_RUNPATH_SEARCH_PATHS = (
					"$(inherited)",
					"@executable_path/Frameworks",
				);
				MARKETING_VERSION = 1.0;
				PRODUCT_BUNDLE_IDENTIFIER = "Fordham-Univeristy.test-1";
				PRODUCT_NAME = "$(TARGET_NAME)";
				SWIFT_EMIT_LOC_STRINGS = YES;
				SWIFT_VERSION = 5.0;
				TARGETED_DEVICE_FAMILY = "1,2";
			};
			name = Release;
		};
		25B9B69A2E779723002C065F /* Debug */ = {
			isa = XCBuildConfiguration;
			buildSettings = {
				ALWAYS_EMBED_SWIFT_STANDARD_LIBRARIES = YES;
				BUNDLE_LOADER = "$(TEST_HOST)";
				CODE_SIGN_STYLE = Automatic;
				CURRENT_PROJECT_VERSION = 1;
				DEVELOPMENT_TEAM = L25G4D8N2N;
				GENERATE_INFOPLIST_FILE = YES;
				IPHONEOS_DEPLOYMENT_TARGET = 17.2;
				MARKETING_VERSION = 1.0;
				PRODUCT_BUNDLE_IDENTIFIER = "Fordham-Univeristy.test-1Tests";
				PRODUCT_NAME = "$(TARGET_NAME)";
				SWIFT_EMIT_LOC_STRINGS = NO;
				SWIFT_VERSION = 5.0;
				TARGETED_DEVICE_FAMILY = "1,2";
				TEST_HOST = "$(BUILT_PRODUCTS_DIR)/test#1.app/$(BUNDLE_EXECUTABLE_FOLDER_PATH)/test#1";
			};
			name = Debug;
		};
		25B9B69B2E779723002C065F /* Release */ = {
			isa = XCBuildConfiguration;
			buildSettings = {
				ALWAYS_EMBED_SWIFT_STANDARD_LIBRARIES = YES;
				BUNDLE_LOADER = "$(TEST_HOST)";
				CODE_SIGN_STYLE = Automatic;
				CURRENT_PROJECT_VERSION = 1;
				DEVELOPMENT_TEAM = L25G4D8N2N;
				GENERATE_INFOPLIST_FILE = YES;
				IPHONEOS_DEPLOYMENT_TARGET = 17.2;
				MARKETING_VERSION = 1.0;
				PRODUCT_BUNDLE_IDENTIFIER = "Fordham-Univeristy.test-1Tests";
				PRODUCT_NAME = "$(TARGET_NAME)";
				SWIFT_EMIT_LOC_STRINGS = NO;
				SWIFT_VERSION = 5.0;
				TARGETED_DEVICE_FAMILY = "1,2";
				TEST_HOST = "$(BUILT_PRODUCTS_DIR)/test#1.app/$(BUNDLE_EXECUTABLE_FOLDER_PATH)/test#1";
			};
			name = Release;
		};
		25B9B69D2E779723002C065F /* Debug */ = {
			isa = XCBuildConfiguration;
			buildSettings = {
				ALWAYS_EMBED_SWIFT_STANDARD_LIBRARIES = YES;
				CODE_SIGN_STYLE = Automatic;
				CURRENT_PROJECT_VERSION = 1;
				DEVELOPMENT_TEAM = L25G4D8N2N;
				GENERATE_INFOPLIST_FILE = YES;
				MARKETING_VERSION = 1.0;
				PRODUCT_BUNDLE_IDENTIFIER = "Fordham-Univeristy.test-1UITests";
				PRODUCT_NAME = "$(TARGET_NAME)";
				SWIFT_EMIT_LOC_STRINGS = NO;
				SWIFT_VERSION = 5.0;
				TARGETED_DEVICE_FAMILY = "1,2";
				TEST_TARGET_NAME = "test#1";
			};
			name = Debug;
		};
		25B9B69E2E779723002C065F /* Release */ = {
			isa = XCBuildConfiguration;
			buildSettings = {
				ALWAYS_EMBED_SWIFT_STANDARD_LIBRARIES = YES;
				CODE_SIGN_STYLE = Automatic;
				CURRENT_PROJECT_VERSION = 1;
				DEVELOPMENT_TEAM = L25G4D8N2N;
				GENERATE_INFOPLIST_FILE = YES;
				MARKETING_VERSION = 1.0;
				PRODUCT_BUNDLE_IDENTIFIER = "Fordham-Univeristy.test-1UITests";
				PRODUCT_NAME = "$(TARGET_NAME)";
				SWIFT_EMIT_LOC_STRINGS = NO;
				SWIFT_VERSION = 5.0;
				TARGETED_DEVICE_FAMILY = "1,2";
				TEST_TARGET_NAME = "test#1";
			};
			name = Release;
		};
/* End XCBuildConfiguration section */

/* Begin XCConfigurationList section */
		25B9B66D2E779722002C065F /* Build configuration list for PBXProject "test#1" */ = {
			isa = XCConfigurationList;
			buildConfigurations = (
				25B9B6942E779723002C065F /* Debug */,
				25B9B6952E779723002C065F /* Release */,
			);
			defaultConfigurationIsVisible = 0;
			defaultConfigurationName = Release;
		};
		25B9B6962E779723002C065F /* Build configuration list for PBXNativeTarget "test#1" */ = {
			isa = XCConfigurationList;
			buildConfigurations = (
				25B9B6972E779723002C065F /* Debug */,
				25B9B6982E779723002C065F /* Release */,
			);
			defaultConfigurationIsVisible = 0;
			defaultConfigurationName = Release;
		};
		25B9B6992E779723002C065F /* Build configuration list for PBXNativeTarget "test#1Tests" */ = {
			isa = XCConfigurationList;
			buildConfigurations = (
				25B9B69A2E779723002C065F /* Debug */,
				25B9B69B2E779723002C065F /* Release */,
			);
			defaultConfigurationIsVisible = 0;
			defaultConfigurationName = Release;
		};
		25B9B69C2E779723002C065F /* Build configuration list for PBXNativeTarget "test#1UITests" */ = {
			isa = XCConfigurationList;
			buildConfigurations = (
				25B9B69D2E779723002C065F /* Debug */,
				25B9B69E2E779723002C065F /* Release */,
			);
			defaultConfigurationIsVisible = 0;
			defaultConfigurationName = Release;
		};
/* End XCConfigurationList section */
	};
	rootObject = 25B9B66A2E779722002C065F /* Project object */;
}
