// !$*UTF8*$!
{
	archiveVersion = 1;
	classes = {
	};
	objectVersion = 56;
	objects = {

/* Begin PBXBuildFile section */
		2564978C2E74E0A0000D577D /* Lab_2App.swift in Sources */ = {isa = PBXBuildFile; fileRef = 2564978B2E74E0A0000D577D /* Lab_2App.swift */; };
		2564978E2E74E0A0000D577D /* ContentView.swift in Sources */ = {isa = PBXBuildFile; fileRef = 2564978D2E74E0A0000D577D /* ContentView.swift */; };
		256497902E74E0A1000D577D /* Assets.xcassets in Resources */ = {isa = PBXBuildFile; fileRef = 2564978F2E74E0A1000D577D /* Assets.xcassets */; };
		256497932E74E0A1000D577D /* Preview Assets.xcassets in Resources */ = {isa = PBXBuildFile; fileRef = 256497922E74E0A1000D577D /* Preview Assets.xcassets */; };
		2564979D2E74E0A1000D577D /* Lab_2Tests.swift in Sources */ = {isa = PBXBuildFile; fileRef = 2564979C2E74E0A1000D577D /* Lab_2Tests.swift */; };
		256497A72E74E0A1000D577D /* Lab_2UITests.swift in Sources */ = {isa = PBXBuildFile; fileRef = 256497A62E74E0A1000D577D /* Lab_2UITests.swift */; };
		256497A92E74E0A1000D577D /* Lab_2UITestsLaunchTests.swift in Sources */ = {isa = PBXBuildFile; fileRef = 256497A82E74E0A1000D577D /* Lab_2UITestsLaunchTests.swift */; };
/* End PBXBuildFile section */

/* Begin PBXContainerItemProxy section */
		256497992E74E0A1000D577D /* PBXContainerItemProxy */ = {
			isa = PBXContainerItemProxy;
			containerPortal = 256497802E74E0A0000D577D /* Project object */;
			proxyType = 1;
			remoteGlobalIDString = 256497872E74E0A0000D577D;
			remoteInfo = "Lab#2";
		};
		256497A32E74E0A1000D577D /* PBXContainerItemProxy */ = {
			isa = PBXContainerItemProxy;
			containerPortal = 256497802E74E0A0000D577D /* Project object */;
			proxyType = 1;
			remoteGlobalIDString = 256497872E74E0A0000D577D;
			remoteInfo = "Lab#2";
		};
/* End PBXContainerItemProxy section */

/* Begin PBXFileReference section */
		256497882E74E0A0000D577D /* Lab#2.app */ = {isa = PBXFileReference; explicitFileType = wrapper.application; includeInIndex = 0; path = "Lab#2.app"; sourceTree = BUILT_PRODUCTS_DIR; };
		2564978B2E74E0A0000D577D /* Lab_2App.swift */ = {isa = PBXFileReference; lastKnownFileType = sourcecode.swift; path = Lab_2App.swift; sourceTree = "<group>"; };
		2564978D2E74E0A0000D577D /* ContentView.swift */ = {isa = PBXFileReference; lastKnownFileType = sourcecode.swift; path = ContentView.swift; sourceTree = "<group>"; };
		2564978F2E74E0A1000D577D /* Assets.xcassets */ = {isa = PBXFileReference; lastKnownFileType = folder.assetcatalog; path = Assets.xcassets; sourceTree = "<group>"; };
		256497922E74E0A1000D577D /* Preview Assets.xcassets */ = {isa = PBXFileReference; lastKnownFileType = folder.assetcatalog; path = "Preview Assets.xcassets"; sourceTree = "<group>"; };
		256497982E74E0A1000D577D /* Lab#2Tests.xctest */ = {isa = PBXFileReference; explicitFileType = wrapper.cfbundle; includeInIndex = 0; path = "Lab#2Tests.xctest"; sourceTree = BUILT_PRODUCTS_DIR; };
		2564979C2E74E0A1000D577D /* Lab_2Tests.swift */ = {isa = PBXFileReference; lastKnownFileType = sourcecode.swift; path = Lab_2Tests.swift; sourceTree = "<group>"; };
		256497A22E74E0A1000D577D /* Lab#2UITests.xctest */ = {isa = PBXFileReference; explicitFileType = wrapper.cfbundle; includeInIndex = 0; path = "Lab#2UITests.xctest"; sourceTree = BUILT_PRODUCTS_DIR; };
		256497A62E74E0A1000D577D /* Lab_2UITests.swift */ = {isa = PBXFileReference; lastKnownFileType = sourcecode.swift; path = Lab_2UITests.swift; sourceTree = "<group>"; };
		256497A82E74E0A1000D577D /* Lab_2UITestsLaunchTests.swift */ = {isa = PBXFileReference; lastKnownFileType = sourcecode.swift; path = Lab_2UITestsLaunchTests.swift; sourceTree = "<group>"; };
/* End PBXFileReference section */

/* Begin PBXFrameworksBuildPhase section */
		256497852E74E0A0000D577D /* Frameworks */ = {
			isa = PBXFrameworksBuildPhase;
			buildActionMask = 2147483647;
			files = (
			);
			runOnlyForDeploymentPostprocessing = 0;
		};
		256497952E74E0A1000D577D /* Frameworks */ = {
			isa = PBXFrameworksBuildPhase;
			buildActionMask = 2147483647;
			files = (
			);
			runOnlyForDeploymentPostprocessing = 0;
		};
		2564979F2E74E0A1000D577D /* Frameworks */ = {
			isa = PBXFrameworksBuildPhase;
			buildActionMask = 2147483647;
			files = (
			);
			runOnlyForDeploymentPostprocessing = 0;
		};
/* End PBXFrameworksBuildPhase section */

/* Begin PBXGroup section */
		2564977F2E74E0A0000D577D = {
			isa = PBXGroup;
			children = (
				2564978A2E74E0A0000D577D /* Lab#2 */,
				2564979B2E74E0A1000D577D /* Lab#2Tests */,
				256497A52E74E0A1000D577D /* Lab#2UITests */,
				256497892E74E0A0000D577D /* Products */,
			);
			sourceTree = "<group>";
		};
		256497892E74E0A0000D577D /* Products */ = {
			isa = PBXGroup;
			children = (
				256497882E74E0A0000D577D /* Lab#2.app */,
				256497982E74E0A1000D577D /* Lab#2Tests.xctest */,
				256497A22E74E0A1000D577D /* Lab#2UITests.xctest */,
			);
			name = Products;
			sourceTree = "<group>";
		};
		2564978A2E74E0A0000D577D /* Lab#2 */ = {
			isa = PBXGroup;
			children = (
				2564978B2E74E0A0000D577D /* Lab_2App.swift */,
				2564978D2E74E0A0000D577D /* ContentView.swift */,
				2564978F2E74E0A1000D577D /* Assets.xcassets */,
				256497912E74E0A1000D577D /* Preview Content */,
			);
			path = "Lab#2";
			sourceTree = "<group>";
		};
		256497912E74E0A1000D577D /* Preview Content */ = {
			isa = PBXGroup;
			children = (
				256497922E74E0A1000D577D /* Preview Assets.xcassets */,
			);
			path = "Preview Content";
			sourceTree = "<group>";
		};
		2564979B2E74E0A1000D577D /* Lab#2Tests */ = {
			isa = PBXGroup;
			children = (
				2564979C2E74E0A1000D577D /* Lab_2Tests.swift */,
			);
			path = "Lab#2Tests";
			sourceTree = "<group>";
		};
		256497A52E74E0A1000D577D /* Lab#2UITests */ = {
			isa = PBXGroup;
			children = (
				256497A62E74E0A1000D577D /* Lab_2UITests.swift */,
				256497A82E74E0A1000D577D /* Lab_2UITestsLaunchTests.swift */,
			);
			path = "Lab#2UITests";
			sourceTree = "<group>";
		};
/* End PBXGroup section */

/* Begin PBXNativeTarget section */
		256497872E74E0A0000D577D /* Lab#2 */ = {
			isa = PBXNativeTarget;
			buildConfigurationList = 256497AC2E74E0A1000D577D /* Build configuration list for PBXNativeTarget "Lab#2" */;
			buildPhases = (
				256497842E74E0A0000D577D /* Sources */,
				256497852E74E0A0000D577D /* Frameworks */,
				256497862E74E0A0000D577D /* Resources */,
			);
			buildRules = (
			);
			dependencies = (
			);
			name = "Lab#2";
			productName = "Lab#2";
			productReference = 256497882E74E0A0000D577D /* Lab#2.app */;
			productType = "com.apple.product-type.application";
		};
		256497972E74E0A1000D577D /* Lab#2Tests */ = {
			isa = PBXNativeTarget;
			buildConfigurationList = 256497AF2E74E0A1000D577D /* Build configuration list for PBXNativeTarget "Lab#2Tests" */;
			buildPhases = (
				256497942E74E0A1000D577D /* Sources */,
				256497952E74E0A1000D577D /* Frameworks */,
				256497962E74E0A1000D577D /* Resources */,
			);
			buildRules = (
			);
			dependencies = (
				2564979A2E74E0A1000D577D /* PBXTargetDependency */,
			);
			name = "Lab#2Tests";
			productName = "Lab#2Tests";
			productReference = 256497982E74E0A1000D577D /* Lab#2Tests.xctest */;
			productType = "com.apple.product-type.bundle.unit-test";
		};
		256497A12E74E0A1000D577D /* Lab#2UITests */ = {
			isa = PBXNativeTarget;
			buildConfigurationList = 256497B22E74E0A1000D577D /* Build configuration list for PBXNativeTarget "Lab#2UITests" */;
			buildPhases = (
				2564979E2E74E0A1000D577D /* Sources */,
				2564979F2E74E0A1000D577D /* Frameworks */,
				256497A02E74E0A1000D577D /* Resources */,
			);
			buildRules = (
			);
			dependencies = (
				256497A42E74E0A1000D577D /* PBXTargetDependency */,
			);
			name = "Lab#2UITests";
			productName = "Lab#2UITests";
			productReference = 256497A22E74E0A1000D577D /* Lab#2UITests.xctest */;
			productType = "com.apple.product-type.bundle.ui-testing";
		};
/* End PBXNativeTarget section */

/* Begin PBXProject section */
		256497802E74E0A0000D577D /* Project object */ = {
			isa = PBXProject;
			attributes = {
				BuildIndependentTargetsInParallel = 1;
				LastSwiftUpdateCheck = 1520;
				LastUpgradeCheck = 1520;
				TargetAttributes = {
					256497872E74E0A0000D577D = {
						CreatedOnToolsVersion = 15.2;
					};
					256497972E74E0A1000D577D = {
						CreatedOnToolsVersion = 15.2;
						TestTargetID = 256497872E74E0A0000D577D;
					};
					256497A12E74E0A1000D577D = {
						CreatedOnToolsVersion = 15.2;
						TestTargetID = 256497872E74E0A0000D577D;
					};
				};
			};
			buildConfigurationList = 256497832E74E0A0000D577D /* Build configuration list for PBXProject "Lab#2" */;
			compatibilityVersion = "Xcode 14.0";
			developmentRegion = en;
			hasScannedForEncodings = 0;
			knownRegions = (
				en,
				Base,
			);
			mainGroup = 2564977F2E74E0A0000D577D;
			productRefGroup = 256497892E74E0A0000D577D /* Products */;
			projectDirPath = "";
			projectRoot = "";
			targets = (
				256497872E74E0A0000D577D /* Lab#2 */,
				256497972E74E0A1000D577D /* Lab#2Tests */,
				256497A12E74E0A1000D577D /* Lab#2UITests */,
			);
		};
/* End PBXProject section */

/* Begin PBXResourcesBuildPhase section */
		256497862E74E0A0000D577D /* Resources */ = {
			isa = PBXResourcesBuildPhase;
			buildActionMask = 2147483647;
			files = (
				256497932E74E0A1000D577D /* Preview Assets.xcassets in Resources */,
				256497902E74E0A1000D577D /* Assets.xcassets in Resources */,
			);
			runOnlyForDeploymentPostprocessing = 0;
		};
		256497962E74E0A1000D577D /* Resources */ = {
			isa = PBXResourcesBuildPhase;
			buildActionMask = 2147483647;
			files = (
			);
			runOnlyForDeploymentPostprocessing = 0;
		};
		256497A02E74E0A1000D577D /* Resources */ = {
			isa = PBXResourcesBuildPhase;
			buildActionMask = 2147483647;
			files = (
			);
			runOnlyForDeploymentPostprocessing = 0;
		};
/* End PBXResourcesBuildPhase section */

/* Begin PBXSourcesBuildPhase section */
		256497842E74E0A0000D577D /* Sources */ = {
			isa = PBXSourcesBuildPhase;
			buildActionMask = 2147483647;
			files = (
				2564978E2E74E0A0000D577D /* ContentView.swift in Sources */,
				2564978C2E74E0A0000D577D /* Lab_2App.swift in Sources */,
			);
			runOnlyForDeploymentPostprocessing = 0;
		};
		256497942E74E0A1000D577D /* Sources */ = {
			isa = PBXSourcesBuildPhase;
			buildActionMask = 2147483647;
			files = (
				2564979D2E74E0A1000D577D /* Lab_2Tests.swift in Sources */,
			);
			runOnlyForDeploymentPostprocessing = 0;
		};
		2564979E2E74E0A1000D577D /* Sources */ = {
			isa = PBXSourcesBuildPhase;
			buildActionMask = 2147483647;
			files = (
				256497A72E74E0A1000D577D /* Lab_2UITests.swift in Sources */,
				256497A92E74E0A1000D577D /* Lab_2UITestsLaunchTests.swift in Sources */,
			);
			runOnlyForDeploymentPostprocessing = 0;
		};
/* End PBXSourcesBuildPhase section */

/* Begin PBXTargetDependency section */
		2564979A2E74E0A1000D577D /* PBXTargetDependency */ = {
			isa = PBXTargetDependency;
			target = 256497872E74E0A0000D577D /* Lab#2 */;
			targetProxy = 256497992E74E0A1000D577D /* PBXContainerItemProxy */;
		};
		256497A42E74E0A1000D577D /* PBXTargetDependency */ = {
			isa = PBXTargetDependency;
			target = 256497872E74E0A0000D577D /* Lab#2 */;
			targetProxy = 256497A32E74E0A1000D577D /* PBXContainerItemProxy */;
		};
/* End PBXTargetDependency section */

/* Begin XCBuildConfiguration section */
		256497AA2E74E0A1000D577D /* Debug */ = {
			isa = XCBuildConfiguration;
			buildSettings = {
				ALWAYS_SEARCH_USER_PATHS = NO;
				ASSETCATALOG_COMPILER_GENERATE_SWIFT_ASSET_SYMBOL_EXTENSIONS = YES;
				CLANG_ANALYZER_NONNULL = YES;
				CLANG_ANALYZER_NUMBER_OBJECT_CONVERSION = YES_AGGRESSIVE;
				CLANG_CXX_LANGUAGE_STANDARD = "gnu++20";
				CLANG_ENABLE_MODULES = YES;
				CLANG_ENABLE_OBJC_ARC = YES;
				CLANG_ENABLE_OBJC_WEAK = YES;
				CLANG_WARN_BLOCK_CAPTURE_AUTORELEASING = YES;
				CLANG_WARN_BOOL_CONVERSION = YES;
				CLANG_WARN_COMMA = YES;
				CLANG_WARN_CONSTANT_CONVERSION = YES;
				CLANG_WARN_DEPRECATED_OBJC_IMPLEMENTATIONS = YES;
				CLANG_WARN_DIRECT_OBJC_ISA_USAGE = YES_ERROR;
				CLANG_WARN_DOCUMENTATION_COMMENTS = YES;
				CLANG_WARN_EMPTY_BODY = YES;
				CLANG_WARN_ENUM_CONVERSION = YES;
				CLANG_WARN_INFINITE_RECURSION = YES;
				CLANG_WARN_INT_CONVERSION = YES;
				CLANG_WARN_NON_LITERAL_NULL_CONVERSION = YES;
				CLANG_WARN_OBJC_IMPLICIT_RETAIN_SELF = YES;
				CLANG_WARN_OBJC_LITERAL_CONVERSION = YES;
				CLANG_WARN_OBJC_ROOT_CLASS = YES_ERROR;
				CLANG_WARN_QUOTED_INCLUDE_IN_FRAMEWORK_HEADER = YES;
				CLANG_WARN_RANGE_LOOP_ANALYSIS = YES;
				CLANG_WARN_STRICT_PROTOTYPES = YES;
				CLANG_WARN_SUSPICIOUS_MOVE = YES;
				CLANG_WARN_UNGUARDED_AVAILABILITY = YES_AGGRESSIVE;
				CLANG_WARN_UNREACHABLE_CODE = YES;
				CLANG_WARN__DUPLICATE_METHOD_MATCH = YES;
				COPY_PHASE_STRIP = NO;
				DEBUG_INFORMATION_FORMAT = dwarf;
				ENABLE_STRICT_OBJC_MSGSEND = YES;
				ENABLE_TESTABILITY = YES;
				ENABLE_USER_SCRIPT_SANDBOXING = YES;
				GCC_C_LANGUAGE_STANDARD = gnu17;
				GCC_DYNAMIC_NO_PIC = NO;
				GCC_NO_COMMON_BLOCKS = YES;
				GCC_OPTIMIZATION_LEVEL = 0;
				GCC_PREPROCESSOR_DEFINITIONS = (
					"DEBUG=1",
					"$(inherited)",
				);
				GCC_WARN_64_TO_32_BIT_CONVERSION = YES;
				GCC_WARN_ABOUT_RETURN_TYPE = YES_ERROR;
				GCC_WARN_UNDECLARED_SELECTOR = YES;
				GCC_WARN_UNINITIALIZED_AUTOS = YES_AGGRESSIVE;
				GCC_WARN_UNUSED_FUNCTION = YES;
				GCC_WARN_UNUSED_VARIABLE = YES;
				IPHONEOS_DEPLOYMENT_TARGET = 17.2;
				LOCALIZATION_PREFERS_STRING_CATALOGS = YES;
				MTL_ENABLE_DEBUG_INFO = INCLUDE_SOURCE;
				MTL_FAST_MATH = YES;
				ONLY_ACTIVE_ARCH = YES;
				SDKROOT = iphoneos;
				SWIFT_ACTIVE_COMPILATION_CONDITIONS = "DEBUG $(inherited)";
				SWIFT_OPTIMIZATION_LEVEL = "-Onone";
			};
			name = Debug;
		};
		256497AB2E74E0A1000D577D /* Release */ = {
			isa = XCBuildConfiguration;
			buildSettings = {
				ALWAYS_SEARCH_USER_PATHS = NO;
				ASSETCATALOG_COMPILER_GENERATE_SWIFT_ASSET_SYMBOL_EXTENSIONS = YES;
				CLANG_ANALYZER_NONNULL = YES;
				CLANG_ANALYZER_NUMBER_OBJECT_CONVERSION = YES_AGGRESSIVE;
				CLANG_CXX_LANGUAGE_STANDARD = "gnu++20";
				CLANG_ENABLE_MODULES = YES;
				CLANG_ENABLE_OBJC_ARC = YES;
				CLANG_ENABLE_OBJC_WEAK = YES;
				CLANG_WARN_BLOCK_CAPTURE_AUTORELEASING = YES;
				CLANG_WARN_BOOL_CONVERSION = YES;
				CLANG_WARN_COMMA = YES;
				CLANG_WARN_CONSTANT_CONVERSION = YES;
				CLANG_WARN_DEPRECATED_OBJC_IMPLEMENTATIONS = YES;
				CLANG_WARN_DIRECT_OBJC_ISA_USAGE = YES_ERROR;
				CLANG_WARN_DOCUMENTATION_COMMENTS = YES;
				CLANG_WARN_EMPTY_BODY = YES;
				CLANG_WARN_ENUM_CONVERSION = YES;
				CLANG_WARN_INFINITE_RECURSION = YES;
				CLANG_WARN_INT_CONVERSION = YES;
				CLANG_WARN_NON_LITERAL_NULL_CONVERSION = YES;
				CLANG_WARN_OBJC_IMPLICIT_RETAIN_SELF = YES;
				CLANG_WARN_OBJC_LITERAL_CONVERSION = YES;
				CLANG_WARN_OBJC_ROOT_CLASS = YES_ERROR;
				CLANG_WARN_QUOTED_INCLUDE_IN_FRAMEWORK_HEADER = YES;
				CLANG_WARN_RANGE_LOOP_ANALYSIS = YES;
				CLANG_WARN_STRICT_PROTOTYPES = YES;
				CLANG_WARN_SUSPICIOUS_MOVE = YES;
				CLANG_WARN_UNGUARDED_AVAILABILITY = YES_AGGRESSIVE;
				CLANG_WARN_UNREACHABLE_CODE = YES;
				CLANG_WARN__DUPLICATE_METHOD_MATCH = YES;
				COPY_PHASE_STRIP = NO;
				DEBUG_INFORMATION_FORMAT = "dwarf-with-dsym";
				ENABLE_NS_ASSERTIONS = NO;
				ENABLE_STRICT_OBJC_MSGSEND = YES;
				ENABLE_USER_SCRIPT_SANDBOXING = YES;
				GCC_C_LANGUAGE_STANDARD = gnu17;
				GCC_NO_COMMON_BLOCKS = YES;
				GCC_WARN_64_TO_32_BIT_CONVERSION = YES;
				GCC_WARN_ABOUT_RETURN_TYPE = YES_ERROR;
				GCC_WARN_UNDECLARED_SELECTOR = YES;
				GCC_WARN_UNINITIALIZED_AUTOS = YES_AGGRESSIVE;
				GCC_WARN_UNUSED_FUNCTION = YES;
				GCC_WARN_UNUSED_VARIABLE = YES;
				IPHONEOS_DEPLOYMENT_TARGET = 17.2;
				LOCALIZATION_PREFERS_STRING_CATALOGS = YES;
				MTL_ENABLE_DEBUG_INFO = NO;
				MTL_FAST_MATH = YES;
				SDKROOT = iphoneos;
				SWIFT_COMPILATION_MODE = wholemodule;
				VALIDATE_PRODUCT = YES;
			};
			name = Release;
		};
		256497AD2E74E0A1000D577D /* Debug */ = {
			isa = XCBuildConfiguration;
			buildSettings = {
				ASSETCATALOG_COMPILER_APPICON_NAME = AppIcon;
				ASSETCATALOG_COMPILER_GLOBAL_ACCENT_COLOR_NAME = AccentColor;
				CODE_SIGN_STYLE = Automatic;
				CURRENT_PROJECT_VERSION = 1;
				DEVELOPMENT_ASSET_PATHS = "\"Lab#2/Preview Content\"";
				DEVELOPMENT_TEAM = L25G4D8N2N;
				ENABLE_PREVIEWS = YES;
				GENERATE_INFOPLIST_FILE = YES;
				INFOPLIST_KEY_UIApplicationSceneManifest_Generation = YES;
				INFOPLIST_KEY_UIApplicationSupportsIndirectInputEvents = YES;
				INFOPLIST_KEY_UILaunchScreen_Generation = YES;
				INFOPLIST_KEY_UISupportedInterfaceOrientations_iPad = "UIInterfaceOrientationPortrait UIInterfaceOrientationPortraitUpsideDown UIInterfaceOrientationLandscapeLeft UIInterfaceOrientationLandscapeRight";
				INFOPLIST_KEY_UISupportedInterfaceOrientations_iPhone = "UIInterfaceOrientationPortrait UIInterfaceOrientationLandscapeLeft UIInterfaceOrientationLandscapeRight";
				LD_RUNPATH_SEARCH_PATHS = (
					"$(inherited)",
					"@executable_path/Frameworks",
				);
				MARKETING_VERSION = 1.0;
				PRODUCT_BUNDLE_IDENTIFIER = "Fordham-Univeristy.Lab-2";
				PRODUCT_NAME = "$(TARGET_NAME)";
				SWIFT_EMIT_LOC_STRINGS = YES;
				SWIFT_VERSION = 5.0;
				TARGETED_DEVICE_FAMILY = "1,2";
			};
			name = Debug;
		};
		256497AE2E74E0A1000D577D /* Release */ = {
			isa = XCBuildConfiguration;
			buildSettings = {
				ASSETCATALOG_COMPILER_APPICON_NAME = AppIcon;
				ASSETCATALOG_COMPILER_GLOBAL_ACCENT_COLOR_NAME = AccentColor;
				CODE_SIGN_STYLE = Automatic;
				CURRENT_PROJECT_VERSION = 1;
				DEVELOPMENT_ASSET_PATHS = "\"Lab#2/Preview Content\"";
				DEVELOPMENT_TEAM = L25G4D8N2N;
				ENABLE_PREVIEWS = YES;
				GENERATE_INFOPLIST_FILE = YES;
				INFOPLIST_KEY_UIApplicationSceneManifest_Generation = YES;
				INFOPLIST_KEY_UIApplicationSupportsIndirectInputEvents = YES;
				INFOPLIST_KEY_UILaunchScreen_Generation = YES;
				INFOPLIST_KEY_UISupportedInterfaceOrientations_iPad = "UIInterfaceOrientationPortrait UIInterfaceOrientationPortraitUpsideDown UIInterfaceOrientationLandscapeLeft UIInterfaceOrientationLandscapeRight";
				INFOPLIST_KEY_UISupportedInterfaceOrientations_iPhone = "UIInterfaceOrientationPortrait UIInterfaceOrientationLandscapeLeft UIInterfaceOrientationLandscapeRight";
				LD_RUNPATH_SEARCH_PATHS = (
					"$(inherited)",
					"@executable_path/Frameworks",
				);
				MARKETING_VERSION = 1.0;
				PRODUCT_BUNDLE_IDENTIFIER = "Fordham-Univeristy.Lab-2";
				PRODUCT_NAME = "$(TARGET_NAME)";
				SWIFT_EMIT_LOC_STRINGS = YES;
				SWIFT_VERSION = 5.0;
				TARGETED_DEVICE_FAMILY = "1,2";
			};
			name = Release;
		};
		256497B02E74E0A1000D577D /* Debug */ = {
			isa = XCBuildConfiguration;
			buildSettings = {
				ALWAYS_EMBED_SWIFT_STANDARD_LIBRARIES = YES;
				BUNDLE_LOADER = "$(TEST_HOST)";
				CODE_SIGN_STYLE = Automatic;
				CURRENT_PROJECT_VERSION = 1;
				DEVELOPMENT_TEAM = L25G4D8N2N;
				GENERATE_INFOPLIST_FILE = YES;
				IPHONEOS_DEPLOYMENT_TARGET = 17.2;
				MARKETING_VERSION = 1.0;
				PRODUCT_BUNDLE_IDENTIFIER = "Fordham-Univeristy.Lab-2Tests";
				PRODUCT_NAME = "$(TARGET_NAME)";
				SWIFT_EMIT_LOC_STRINGS = NO;
				SWIFT_VERSION = 5.0;
				TARGETED_DEVICE_FAMILY = "1,2";
				TEST_HOST = "$(BUILT_PRODUCTS_DIR)/Lab#2.app/$(BUNDLE_EXECUTABLE_FOLDER_PATH)/Lab#2";
			};
			name = Debug;
		};
		256497B12E74E0A1000D577D /* Release */ = {
			isa = XCBuildConfiguration;
			buildSettings = {
				ALWAYS_EMBED_SWIFT_STANDARD_LIBRARIES = YES;
				BUNDLE_LOADER = "$(TEST_HOST)";
				CODE_SIGN_STYLE = Automatic;
				CURRENT_PROJECT_VERSION = 1;
				DEVELOPMENT_TEAM = L25G4D8N2N;
				GENERATE_INFOPLIST_FILE = YES;
				IPHONEOS_DEPLOYMENT_TARGET = 17.2;
				MARKETING_VERSION = 1.0;
				PRODUCT_BUNDLE_IDENTIFIER = "Fordham-Univeristy.Lab-2Tests";
				PRODUCT_NAME = "$(TARGET_NAME)";
				SWIFT_EMIT_LOC_STRINGS = NO;
				SWIFT_VERSION = 5.0;
				TARGETED_DEVICE_FAMILY = "1,2";
				TEST_HOST = "$(BUILT_PRODUCTS_DIR)/Lab#2.app/$(BUNDLE_EXECUTABLE_FOLDER_PATH)/Lab#2";
			};
			name = Release;
		};
		256497B32E74E0A1000D577D /* Debug */ = {
			isa = XCBuildConfiguration;
			buildSettings = {
				ALWAYS_EMBED_SWIFT_STANDARD_LIBRARIES = YES;
				CODE_SIGN_STYLE = Automatic;
				CURRENT_PROJECT_VERSION = 1;
				DEVELOPMENT_TEAM = L25G4D8N2N;
				GENERATE_INFOPLIST_FILE = YES;
				MARKETING_VERSION = 1.0;
				PRODUCT_BUNDLE_IDENTIFIER = "Fordham-Univeristy.Lab-2UITests";
				PRODUCT_NAME = "$(TARGET_NAME)";
				SWIFT_EMIT_LOC_STRINGS = NO;
				SWIFT_VERSION = 5.0;
				TARGETED_DEVICE_FAMILY = "1,2";
				TEST_TARGET_NAME = "Lab#2";
			};
			name = Debug;
		};
		256497B42E74E0A1000D577D /* Release */ = {
			isa = XCBuildConfiguration;
			buildSettings = {
				ALWAYS_EMBED_SWIFT_STANDARD_LIBRARIES = YES;
				CODE_SIGN_STYLE = Automatic;
				CURRENT_PROJECT_VERSION = 1;
				DEVELOPMENT_TEAM = L25G4D8N2N;
				GENERATE_INFOPLIST_FILE = YES;
				MARKETING_VERSION = 1.0;
				PRODUCT_BUNDLE_IDENTIFIER = "Fordham-Univeristy.Lab-2UITests";
				PRODUCT_NAME = "$(TARGET_NAME)";
				SWIFT_EMIT_LOC_STRINGS = NO;
				SWIFT_VERSION = 5.0;
				TARGETED_DEVICE_FAMILY = "1,2";
				TEST_TARGET_NAME = "Lab#2";
			};
			name = Release;
		};
/* End XCBuildConfiguration section */

/* Begin XCConfigurationList section */
		256497832E74E0A0000D577D /* Build configuration list for PBXProject "Lab#2" */ = {
			isa = XCConfigurationList;
			buildConfigurations = (
				256497AA2E74E0A1000D577D /* Debug */,
				256497AB2E74E0A1000D577D /* Release */,
			);
			defaultConfigurationIsVisible = 0;
			defaultConfigurationName = Release;
		};
		256497AC2E74E0A1000D577D /* Build configuration list for PBXNativeTarget "Lab#2" */ = {
			isa = XCConfigurationList;
			buildConfigurations = (
				256497AD2E74E0A1000D577D /* Debug */,
				256497AE2E74E0A1000D577D /* Release */,
			);
			defaultConfigurationIsVisible = 0;
			defaultConfigurationName = Release;
		};
		256497AF2E74E0A1000D577D /* Build configuration list for PBXNativeTarget "Lab#2Tests" */ = {
			isa = XCConfigurationList;
			buildConfigurations = (
				256497B02E74E0A1000D577D /* Debug */,
				256497B12E74E0A1000D577D /* Release */,
			);
			defaultConfigurationIsVisible = 0;
			defaultConfigurationName = Release;
		};
		256497B22E74E0A1000D577D /* Build configuration list for PBXNativeTarget "Lab#2UITests" */ = {
			isa = XCConfigurationList;
			buildConfigurations = (
				256497B32E74E0A1000D577D /* Debug */,
				256497B42E74E0A1000D577D /* Release */,
			);
			defaultConfigurationIsVisible = 0;
			defaultConfigurationName = Release;
		};
/* End XCConfigurationList section */
	};
	rootObject = 256497802E74E0A0000D577D /* Project object */;
}
