// !$*UTF8*$!
{
	archiveVersion = 1;
	classes = {
	};
	objectVersion = 56;
	objects = {

/* Begin PBXBuildFile section */
		256497562E738B46000D577D /* Lab_1App.swift in Sources */ = {isa = PBXBuildFile; fileRef = 256497552E738B46000D577D /* Lab_1App.swift */; };
		256497582E738B46000D577D /* ContentView.swift in Sources */ = {isa = PBXBuildFile; fileRef = 256497572E738B46000D577D /* ContentView.swift */; };
		2564975A2E738B48000D577D /* Assets.xcassets in Resources */ = {isa = PBXBuildFile; fileRef = 256497592E738B48000D577D /* Assets.xcassets */; };
		2564975D2E738B48000D577D /* Preview Assets.xcassets in Resources */ = {isa = PBXBuildFile; fileRef = 2564975C2E738B48000D577D /* Preview Assets.xcassets */; };
		256497672E738B48000D577D /* Lab_1Tests.swift in Sources */ = {isa = PBXBuildFile; fileRef = 256497662E738B48000D577D /* Lab_1Tests.swift */; };
		256497712E738B48000D577D /* Lab_1UITests.swift in Sources */ = {isa = PBXBuildFile; fileRef = 256497702E738B48000D577D /* Lab_1UITests.swift */; };
		256497732E738B48000D577D /* Lab_1UITestsLaunchTests.swift in Sources */ = {isa = PBXBuildFile; fileRef = 256497722E738B48000D577D /* Lab_1UITestsLaunchTests.swift */; };
/* End PBXBuildFile section */

/* Begin PBXContainerItemProxy section */
		256497632E738B48000D577D /* PBXContainerItemProxy */ = {
			isa = PBXContainerItemProxy;
			containerPortal = 2564974A2E738B46000D577D /* Project object */;
			proxyType = 1;
			remoteGlobalIDString = 256497512E738B46000D577D;
			remoteInfo = "Lab#1";
		};
		2564976D2E738B48000D577D /* PBXContainerItemProxy */ = {
			isa = PBXContainerItemProxy;
			containerPortal = 2564974A2E738B46000D577D /* Project object */;
			proxyType = 1;
			remoteGlobalIDString = 256497512E738B46000D577D;
			remoteInfo = "Lab#1";
		};
/* End PBXContainerItemProxy section */

/* Begin PBXFileReference section */
		256497522E738B46000D577D /* Lab#1.app */ = {isa = PBXFileReference; explicitFileType = wrapper.application; includeInIndex = 0; path = "Lab#1.app"; sourceTree = BUILT_PRODUCTS_DIR; };
		256497552E738B46000D577D /* Lab_1App.swift */ = {isa = PBXFileReference; lastKnownFileType = sourcecode.swift; path = Lab_1App.swift; sourceTree = "<group>"; };
		256497572E738B46000D577D /* ContentView.swift */ = {isa = PBXFileReference; lastKnownFileType = sourcecode.swift; path = ContentView.swift; sourceTree = "<group>"; };
		256497592E738B48000D577D /* Assets.xcassets */ = {isa = PBXFileReference; lastKnownFileType = folder.assetcatalog; path = Assets.xcassets; sourceTree = "<group>"; };
		2564975C2E738B48000D577D /* Preview Assets.xcassets */ = {isa = PBXFileReference; lastKnownFileType = folder.assetcatalog; path = "Preview Assets.xcassets"; sourceTree = "<group>"; };
		256497622E738B48000D577D /* Lab#1Tests.xctest */ = {isa = PBXFileReference; explicitFileType = wrapper.cfbundle; includeInIndex = 0; path = "Lab#1Tests.xctest"; sourceTree = BUILT_PRODUCTS_DIR; };
		256497662E738B48000D577D /* Lab_1Tests.swift */ = {isa = PBXFileReference; lastKnownFileType = sourcecode.swift; path = Lab_1Tests.swift; sourceTree = "<group>"; };
		2564976C2E738B48000D577D /* Lab#1UITests.xctest */ = {isa = PBXFileReference; explicitFileType = wrapper.cfbundle; includeInIndex = 0; path = "Lab#1UITests.xctest"; sourceTree = BUILT_PRODUCTS_DIR; };
		256497702E738B48000D577D /* Lab_1UITests.swift */ = {isa = PBXFileReference; lastKnownFileType = sourcecode.swift; path = Lab_1UITests.swift; sourceTree = "<group>"; };
		256497722E738B48000D577D /* Lab_1UITestsLaunchTests.swift */ = {isa = PBXFileReference; lastKnownFileType = sourcecode.swift; path = Lab_1UITestsLaunchTests.swift; sourceTree = "<group>"; };
/* End PBXFileReference section */

/* Begin PBXFrameworksBuildPhase section */
		2564974F2E738B46000D577D /* Frameworks */ = {
			isa = PBXFrameworksBuildPhase;
			buildActionMask = 2147483647;
			files = (
			);
			runOnlyForDeploymentPostprocessing = 0;
		};
		2564975F2E738B48000D577D /* Frameworks */ = {
			isa = PBXFrameworksBuildPhase;
			buildActionMask = 2147483647;
			files = (
			);
			runOnlyForDeploymentPostprocessing = 0;
		};
		256497692E738B48000D577D /* Frameworks */ = {
			isa = PBXFrameworksBuildPhase;
			buildActionMask = 2147483647;
			files = (
			);
			runOnlyForDeploymentPostprocessing = 0;
		};
/* End PBXFrameworksBuildPhase section */

/* Begin PBXGroup section */
		256497492E738B46000D577D = {
			isa = PBXGroup;
			children = (
				256497542E738B46000D577D /* Lab#1 */,
				256497652E738B48000D577D /* Lab#1Tests */,
				2564976F2E738B48000D577D /* Lab#1UITests */,
				256497532E738B46000D577D /* Products */,
			);
			sourceTree = "<group>";
		};
		256497532E738B46000D577D /* Products */ = {
			isa = PBXGroup;
			children = (
				256497522E738B46000D577D /* Lab#1.app */,
				256497622E738B48000D577D /* Lab#1Tests.xctest */,
				2564976C2E738B48000D577D /* Lab#1UITests.xctest */,
			);
			name = Products;
			sourceTree = "<group>";
		};
		256497542E738B46000D577D /* Lab#1 */ = {
			isa = PBXGroup;
			children = (
				256497552E738B46000D577D /* Lab_1App.swift */,
				256497572E738B46000D577D /* ContentView.swift */,
				256497592E738B48000D577D /* Assets.xcassets */,
				2564975B2E738B48000D577D /* Preview Content */,
			);
			path = "Lab#1";
			sourceTree = "<group>";
		};
		2564975B2E738B48000D577D /* Preview Content */ = {
			isa = PBXGroup;
			children = (
				2564975C2E738B48000D577D /* Preview Assets.xcassets */,
			);
			path = "Preview Content";
			sourceTree = "<group>";
		};
		256497652E738B48000D577D /* Lab#1Tests */ = {
			isa = PBXGroup;
			children = (
				256497662E738B48000D577D /* Lab_1Tests.swift */,
			);
			path = "Lab#1Tests";
			sourceTree = "<group>";
		};
		2564976F2E738B48000D577D /* Lab#1UITests */ = {
			isa = PBXGroup;
			children = (
				256497702E738B48000D577D /* Lab_1UITests.swift */,
				256497722E738B48000D577D /* Lab_1UITestsLaunchTests.swift */,
			);
			path = "Lab#1UITests";
			sourceTree = "<group>";
		};
/* End PBXGroup section */

/* Begin PBXNativeTarget section */
		256497512E738B46000D577D /* Lab#1 */ = {
			isa = PBXNativeTarget;
			buildConfigurationList = 256497762E738B48000D577D /* Build configuration list for PBXNativeTarget "Lab#1" */;
			buildPhases = (
				2564974E2E738B46000D577D /* Sources */,
				2564974F2E738B46000D577D /* Frameworks */,
				256497502E738B46000D577D /* Resources */,
			);
			buildRules = (
			);
			dependencies = (
			);
			name = "Lab#1";
			productName = "Lab#1";
			productReference = 256497522E738B46000D577D /* Lab#1.app */;
			productType = "com.apple.product-type.application";
		};
		256497612E738B48000D577D /* Lab#1Tests */ = {
			isa = PBXNativeTarget;
			buildConfigurationList = 256497792E738B48000D577D /* Build configuration list for PBXNativeTarget "Lab#1Tests" */;
			buildPhases = (
				2564975E2E738B48000D577D /* Sources */,
				2564975F2E738B48000D577D /* Frameworks */,
				256497602E738B48000D577D /* Resources */,
			);
			buildRules = (
			);
			dependencies = (
				256497642E738B48000D577D /* PBXTargetDependency */,
			);
			name = "Lab#1Tests";
			productName = "Lab#1Tests";
			productReference = 256497622E738B48000D577D /* Lab#1Tests.xctest */;
			productType = "com.apple.product-type.bundle.unit-test";
		};
		2564976B2E738B48000D577D /* Lab#1UITests */ = {
			isa = PBXNativeTarget;
			buildConfigurationList = 2564977C2E738B48000D577D /* Build configuration list for PBXNativeTarget "Lab#1UITests" */;
			buildPhases = (
				256497682E738B48000D577D /* Sources */,
				256497692E738B48000D577D /* Frameworks */,
				2564976A2E738B48000D577D /* Resources */,
			);
			buildRules = (
			);
			dependencies = (
				2564976E2E738B48000D577D /* PBXTargetDependency */,
			);
			name = "Lab#1UITests";
			productName = "Lab#1UITests";
			productReference = 2564976C2E738B48000D577D /* Lab#1UITests.xctest */;
			productType = "com.apple.product-type.bundle.ui-testing";
		};
/* End PBXNativeTarget section */

/* Begin PBXProject section */
		2564974A2E738B46000D577D /* Project object */ = {
			isa = PBXProject;
			attributes = {
				BuildIndependentTargetsInParallel = 1;
				LastSwiftUpdateCheck = 1520;
				LastUpgradeCheck = 1520;
				TargetAttributes = {
					256497512E738B46000D577D = {
						CreatedOnToolsVersion = 15.2;
					};
					256497612E738B48000D577D = {
						CreatedOnToolsVersion = 15.2;
						TestTargetID = 256497512E738B46000D577D;
					};
					2564976B2E738B48000D577D = {
						CreatedOnToolsVersion = 15.2;
						TestTargetID = 256497512E738B46000D577D;
					};
				};
			};
			buildConfigurationList = 2564974D2E738B46000D577D /* Build configuration list for PBXProject "Lab#1" */;
			compatibilityVersion = "Xcode 14.0";
			developmentRegion = en;
			hasScannedForEncodings = 0;
			knownRegions = (
				en,
				Base,
			);
			mainGroup = 256497492E738B46000D577D;
			productRefGroup = 256497532E738B46000D577D /* Products */;
			projectDirPath = "";
			projectRoot = "";
			targets = (
				256497512E738B46000D577D /* Lab#1 */,
				256497612E738B48000D577D /* Lab#1Tests */,
				2564976B2E738B48000D577D /* Lab#1UITests */,
			);
		};
/* End PBXProject section */

/* Begin PBXResourcesBuildPhase section */
		256497502E738B46000D577D /* Resources */ = {
			isa = PBXResourcesBuildPhase;
			buildActionMask = 2147483647;
			files = (
				2564975D2E738B48000D577D /* Preview Assets.xcassets in Resources */,
				2564975A2E738B48000D577D /* Assets.xcassets in Resources */,
			);
			runOnlyForDeploymentPostprocessing = 0;
		};
		256497602E738B48000D577D /* Resources */ = {
			isa = PBXResourcesBuildPhase;
			buildActionMask = 2147483647;
			files = (
			);
			runOnlyForDeploymentPostprocessing = 0;
		};
		2564976A2E738B48000D577D /* Resources */ = {
			isa = PBXResourcesBuildPhase;
			buildActionMask = 2147483647;
			files = (
			);
			runOnlyForDeploymentPostprocessing = 0;
		};
/* End PBXResourcesBuildPhase section */

/* Begin PBXSourcesBuildPhase section */
		2564974E2E738B46000D577D /* Sources */ = {
			isa = PBXSourcesBuildPhase;
			buildActionMask = 2147483647;
			files = (
				256497582E738B46000D577D /* ContentView.swift in Sources */,
				256497562E738B46000D577D /* Lab_1App.swift in Sources */,
			);
			runOnlyForDeploymentPostprocessing = 0;
		};
		2564975E2E738B48000D577D /* Sources */ = {
			isa = PBXSourcesBuildPhase;
			buildActionMask = 2147483647;
			files = (
				256497672E738B48000D577D /* Lab_1Tests.swift in Sources */,
			);
			runOnlyForDeploymentPostprocessing = 0;
		};
		256497682E738B48000D577D /* Sources */ = {
			isa = PBXSourcesBuildPhase;
			buildActionMask = 2147483647;
			files = (
				256497732E738B48000D577D /* Lab_1UITestsLaunchTests.swift in Sources */,
				256497712E738B48000D577D /* Lab_1UITests.swift in Sources */,
			);
			runOnlyForDeploymentPostprocessing = 0;
		};
/* End PBXSourcesBuildPhase section */

/* Begin PBXTargetDependency section */
		256497642E738B48000D577D /* PBXTargetDependency */ = {
			isa = PBXTargetDependency;
			target = 256497512E738B46000D577D /* Lab#1 */;
			targetProxy = 256497632E738B48000D577D /* PBXContainerItemProxy */;
		};
		2564976E2E738B48000D577D /* PBXTargetDependency */ = {
			isa = PBXTargetDependency;
			target = 256497512E738B46000D577D /* Lab#1 */;
			targetProxy = 2564976D2E738B48000D577D /* PBXContainerItemProxy */;
		};
/* End PBXTargetDependency section */

/* Begin XCBuildConfiguration section */
		256497742E738B48000D577D /* Debug */ = {
			isa = XCBuildConfiguration;
			buildSettings = {
				ALWAYS_SEARCH_USER_PATHS = NO;
				ASSETCATALOG_COMPILER_GENERATE_SWIFT_ASSET_SYMBOL_EXTENSIONS = YES;
				CLANG_ANALYZER_NONNULL = YES;
				CLANG_ANALYZER_NUMBER_OBJECT_CONVERSION = YES_AGGRESSIVE;
				CLANG_CXX_LANGUAGE_STANDARD = "gnu++20";
				CLANG_ENABLE_MODULES = YES;
				CLANG_ENABLE_OBJC_ARC = YES;
				CLANG_ENABLE_OBJC_WEAK = YES;
				CLANG_WARN_BLOCK_CAPTURE_AUTORELEASING = YES;
				CLANG_WARN_BOOL_CONVERSION = YES;
				CLANG_WARN_COMMA = YES;
				CLANG_WARN_CONSTANT_CONVERSION = YES;
				CLANG_WARN_DEPRECATED_OBJC_IMPLEMENTATIONS = YES;
				CLANG_WARN_DIRECT_OBJC_ISA_USAGE = YES_ERROR;
				CLANG_WARN_DOCUMENTATION_COMMENTS = YES;
				CLANG_WARN_EMPTY_BODY = YES;
				CLANG_WARN_ENUM_CONVERSION = YES;
				CLANG_WARN_INFINITE_RECURSION = YES;
				CLANG_WARN_INT_CONVERSION = YES;
				CLANG_WARN_NON_LITERAL_NULL_CONVERSION = YES;
				CLANG_WARN_OBJC_IMPLICIT_RETAIN_SELF = YES;
				CLANG_WARN_OBJC_LITERAL_CONVERSION = YES;
				CLANG_WARN_OBJC_ROOT_CLASS = YES_ERROR;
				CLANG_WARN_QUOTED_INCLUDE_IN_FRAMEWORK_HEADER = YES;
				CLANG_WARN_RANGE_LOOP_ANALYSIS = YES;
				CLANG_WARN_STRICT_PROTOTYPES = YES;
				CLANG_WARN_SUSPICIOUS_MOVE = YES;
				CLANG_WARN_UNGUARDED_AVAILABILITY = YES_AGGRESSIVE;
				CLANG_WARN_UNREACHABLE_CODE = YES;
				CLANG_WARN__DUPLICATE_METHOD_MATCH = YES;
				COPY_PHASE_STRIP = NO;
				DEBUG_INFORMATION_FORMAT = dwarf;
				ENABLE_STRICT_OBJC_MSGSEND = YES;
				ENABLE_TESTABILITY = YES;
				ENABLE_USER_SCRIPT_SANDBOXING = YES;
				GCC_C_LANGUAGE_STANDARD = gnu17;
				GCC_DYNAMIC_NO_PIC = NO;
				GCC_NO_COMMON_BLOCKS = YES;
				GCC_OPTIMIZATION_LEVEL = 0;
				GCC_PREPROCESSOR_DEFINITIONS = (
					"DEBUG=1",
					"$(inherited)",
				);
				GCC_WARN_64_TO_32_BIT_CONVERSION = YES;
				GCC_WARN_ABOUT_RETURN_TYPE = YES_ERROR;
				GCC_WARN_UNDECLARED_SELECTOR = YES;
				GCC_WARN_UNINITIALIZED_AUTOS = YES_AGGRESSIVE;
				GCC_WARN_UNUSED_FUNCTION = YES;
				GCC_WARN_UNUSED_VARIABLE = YES;
				IPHONEOS_DEPLOYMENT_TARGET = 17.2;
				LOCALIZATION_PREFERS_STRING_CATALOGS = YES;
				MTL_ENABLE_DEBUG_INFO = INCLUDE_SOURCE;
				MTL_FAST_MATH = YES;
				ONLY_ACTIVE_ARCH = YES;
				SDKROOT = iphoneos;
				SWIFT_ACTIVE_COMPILATION_CONDITIONS = "DEBUG $(inherited)";
				SWIFT_OPTIMIZATION_LEVEL = "-Onone";
			};
			name = Debug;
		};
		256497752E738B48000D577D /* Release */ = {
			isa = XCBuildConfiguration;
			buildSettings = {
				ALWAYS_SEARCH_USER_PATHS = NO;
				ASSETCATALOG_COMPILER_GENERATE_SWIFT_ASSET_SYMBOL_EXTENSIONS = YES;
				CLANG_ANALYZER_NONNULL = YES;
				CLANG_ANALYZER_NUMBER_OBJECT_CONVERSION = YES_AGGRESSIVE;
				CLANG_CXX_LANGUAGE_STANDARD = "gnu++20";
				CLANG_ENABLE_MODULES = YES;
				CLANG_ENABLE_OBJC_ARC = YES;
				CLANG_ENABLE_OBJC_WEAK = YES;
				CLANG_WARN_BLOCK_CAPTURE_AUTORELEASING = YES;
				CLANG_WARN_BOOL_CONVERSION = YES;
				CLANG_WARN_COMMA = YES;
				CLANG_WARN_CONSTANT_CONVERSION = YES;
				CLANG_WARN_DEPRECATED_OBJC_IMPLEMENTATIONS = YES;
				CLANG_WARN_DIRECT_OBJC_ISA_USAGE = YES_ERROR;
				CLANG_WARN_DOCUMENTATION_COMMENTS = YES;
				CLANG_WARN_EMPTY_BODY = YES;
				CLANG_WARN_ENUM_CONVERSION = YES;
				CLANG_WARN_INFINITE_RECURSION = YES;
				CLANG_WARN_INT_CONVERSION = YES;
				CLANG_WARN_NON_LITERAL_NULL_CONVERSION = YES;
				CLANG_WARN_OBJC_IMPLICIT_RETAIN_SELF = YES;
				CLANG_WARN_OBJC_LITERAL_CONVERSION = YES;
				CLANG_WARN_OBJC_ROOT_CLASS = YES_ERROR;
				CLANG_WARN_QUOTED_INCLUDE_IN_FRAMEWORK_HEADER = YES;
				CLANG_WARN_RANGE_LOOP_ANALYSIS = YES;
				CLANG_WARN_STRICT_PROTOTYPES = YES;
				CLANG_WARN_SUSPICIOUS_MOVE = YES;
				CLANG_WARN_UNGUARDED_AVAILABILITY = YES_AGGRESSIVE;
				CLANG_WARN_UNREACHABLE_CODE = YES;
				CLANG_WARN__DUPLICATE_METHOD_MATCH = YES;
				COPY_PHASE_STRIP = NO;
				DEBUG_INFORMATION_FORMAT = "dwarf-with-dsym";
				ENABLE_NS_ASSERTIONS = NO;
				ENABLE_STRICT_OBJC_MSGSEND = YES;
				ENABLE_USER_SCRIPT_SANDBOXING = YES;
				GCC_C_LANGUAGE_STANDARD = gnu17;
				GCC_NO_COMMON_BLOCKS = YES;
				GCC_WARN_64_TO_32_BIT_CONVERSION = YES;
				GCC_WARN_ABOUT_RETURN_TYPE = YES_ERROR;
				GCC_WARN_UNDECLARED_SELECTOR = YES;
				GCC_WARN_UNINITIALIZED_AUTOS = YES_AGGRESSIVE;
				GCC_WARN_UNUSED_FUNCTION = YES;
				GCC_WARN_UNUSED_VARIABLE = YES;
				IPHONEOS_DEPLOYMENT_TARGET = 17.2;
				LOCALIZATION_PREFERS_STRING_CATALOGS = YES;
				MTL_ENABLE_DEBUG_INFO = NO;
				MTL_FAST_MATH = YES;
				SDKROOT = iphoneos;
				SWIFT_COMPILATION_MODE = wholemodule;
				VALIDATE_PRODUCT = YES;
			};
			name = Release;
		};
		256497772E738B48000D577D /* Debug */ = {
			isa = XCBuildConfiguration;
			buildSettings = {
				ASSETCATALOG_COMPILER_APPICON_NAME = AppIcon;
				ASSETCATALOG_COMPILER_GLOBAL_ACCENT_COLOR_NAME = AccentColor;
				CODE_SIGN_STYLE = Automatic;
				CURRENT_PROJECT_VERSION = 1;
				DEVELOPMENT_ASSET_PATHS = "\"Lab#1/Preview Content\"";
				DEVELOPMENT_TEAM = L25G4D8N2N;
				ENABLE_PREVIEWS = YES;
				GENERATE_INFOPLIST_FILE = YES;
				INFOPLIST_KEY_UIApplicationSceneManifest_Generation = YES;
				INFOPLIST_KEY_UIApplicationSupportsIndirectInputEvents = YES;
				INFOPLIST_KEY_UILaunchScreen_Generation = YES;
				INFOPLIST_KEY_UISupportedInterfaceOrientations_iPad = "UIInterfaceOrientationPortrait UIInterfaceOrientationPortraitUpsideDown UIInterfaceOrientationLandscapeLeft UIInterfaceOrientationLandscapeRight";
				INFOPLIST_KEY_UISupportedInterfaceOrientations_iPhone = "UIInterfaceOrientationPortrait UIInterfaceOrientationLandscapeLeft UIInterfaceOrientationLandscapeRight";
				LD_RUNPATH_SEARCH_PATHS = (
					"$(inherited)",
					"@executable_path/Frameworks",
				);
				MARKETING_VERSION = 1.0;
				PRODUCT_BUNDLE_IDENTIFIER = "Fordham-Univeristy.Lab-1";
				PRODUCT_NAME = "$(TARGET_NAME)";
				SWIFT_EMIT_LOC_STRINGS = YES;
				SWIFT_VERSION = 5.0;
				TARGETED_DEVICE_FAMILY = "1,2";
			};
			name = Debug;
		};
		256497782E738B48000D577D /* Release */ = {
			isa = XCBuildConfiguration;
			buildSettings = {
				ASSETCATALOG_COMPILER_APPICON_NAME = AppIcon;
				ASSETCATALOG_COMPILER_GLOBAL_ACCENT_COLOR_NAME = AccentColor;
				CODE_SIGN_STYLE = Automatic;
				CURRENT_PROJECT_VERSION = 1;
				DEVELOPMENT_ASSET_PATHS = "\"Lab#1/Preview Content\"";
				DEVELOPMENT_TEAM = L25G4D8N2N;
				ENABLE_PREVIEWS = YES;
				GENERATE_INFOPLIST_FILE = YES;
				INFOPLIST_KEY_UIApplicationSceneManifest_Generation = YES;
				INFOPLIST_KEY_UIApplicationSupportsIndirectInputEvents = YES;
				INFOPLIST_KEY_UILaunchScreen_Generation = YES;
				INFOPLIST_KEY_UISupportedInterfaceOrientations_iPad = "UIInterfaceOrientationPortrait UIInterfaceOrientationPortraitUpsideDown UIInterfaceOrientationLandscapeLeft UIInterfaceOrientationLandscapeRight";
				INFOPLIST_KEY_UISupportedInterfaceOrientations_iPhone = "UIInterfaceOrientationPortrait UIInterfaceOrientationLandscapeLeft UIInterfaceOrientationLandscapeRight";
				LD_RUNPATH_SEARCH_PATHS = (
					"$(inherited)",
					"@executable_path/Frameworks",
				);
				MARKETING_VERSION = 1.0;
				PRODUCT_BUNDLE_IDENTIFIER = "Fordham-Univeristy.Lab-1";
				PRODUCT_NAME = "$(TARGET_NAME)";
				SWIFT_EMIT_LOC_STRINGS = YES;
				SWIFT_VERSION = 5.0;
				TARGETED_DEVICE_FAMILY = "1,2";
			};
			name = Release;
		};
		2564977A2E738B48000D577D /* Debug */ = {
			isa = XCBuildConfiguration;
			buildSettings = {
				ALWAYS_EMBED_SWIFT_STANDARD_LIBRARIES = YES;
				BUNDLE_LOADER = "$(TEST_HOST)";
				CODE_SIGN_STYLE = Automatic;
				CURRENT_PROJECT_VERSION = 1;
				DEVELOPMENT_TEAM = L25G4D8N2N;
				GENERATE_INFOPLIST_FILE = YES;
				IPHONEOS_DEPLOYMENT_TARGET = 17.2;
				MARKETING_VERSION = 1.0;
				PRODUCT_BUNDLE_IDENTIFIER = "Fordham-Univeristy.Lab-1Tests";
				PRODUCT_NAME = "$(TARGET_NAME)";
				SWIFT_EMIT_LOC_STRINGS = NO;
				SWIFT_VERSION = 5.0;
				TARGETED_DEVICE_FAMILY = "1,2";
				TEST_HOST = "$(BUILT_PRODUCTS_DIR)/Lab#1.app/$(BUNDLE_EXECUTABLE_FOLDER_PATH)/Lab#1";
			};
			name = Debug;
		};
		2564977B2E738B48000D577D /* Release */ = {
			isa = XCBuildConfiguration;
			buildSettings = {
				ALWAYS_EMBED_SWIFT_STANDARD_LIBRARIES = YES;
				BUNDLE_LOADER = "$(TEST_HOST)";
				CODE_SIGN_STYLE = Automatic;
				CURRENT_PROJECT_VERSION = 1;
				DEVELOPMENT_TEAM = L25G4D8N2N;
				GENERATE_INFOPLIST_FILE = YES;
				IPHONEOS_DEPLOYMENT_TARGET = 17.2;
				MARKETING_VERSION = 1.0;
				PRODUCT_BUNDLE_IDENTIFIER = "Fordham-Univeristy.Lab-1Tests";
				PRODUCT_NAME = "$(TARGET_NAME)";
				SWIFT_EMIT_LOC_STRINGS = NO;
				SWIFT_VERSION = 5.0;
				TARGETED_DEVICE_FAMILY = "1,2";
				TEST_HOST = "$(BUILT_PRODUCTS_DIR)/Lab#1.app/$(BUNDLE_EXECUTABLE_FOLDER_PATH)/Lab#1";
			};
			name = Release;
		};
		2564977D2E738B48000D577D /* Debug */ = {
			isa = XCBuildConfiguration;
			buildSettings = {
				ALWAYS_EMBED_SWIFT_STANDARD_LIBRARIES = YES;
				CODE_SIGN_STYLE = Automatic;
				CURRENT_PROJECT_VERSION = 1;
				DEVELOPMENT_TEAM = L25G4D8N2N;
				GENERATE_INFOPLIST_FILE = YES;
				MARKETING_VERSION = 1.0;
				PRODUCT_BUNDLE_IDENTIFIER = "Fordham-Univeristy.Lab-1UITests";
				PRODUCT_NAME = "$(TARGET_NAME)";
				SWIFT_EMIT_LOC_STRINGS = NO;
				SWIFT_VERSION = 5.0;
				TARGETED_DEVICE_FAMILY = "1,2";
				TEST_TARGET_NAME = "Lab#1";
			};
			name = Debug;
		};
		2564977E2E738B48000D577D /* Release */ = {
			isa = XCBuildConfiguration;
			buildSettings = {
				ALWAYS_EMBED_SWIFT_STANDARD_LIBRARIES = YES;
				CODE_SIGN_STYLE = Automatic;
				CURRENT_PROJECT_VERSION = 1;
				DEVELOPMENT_TEAM = L25G4D8N2N;
				GENERATE_INFOPLIST_FILE = YES;
				MARKETING_VERSION = 1.0;
				PRODUCT_BUNDLE_IDENTIFIER = "Fordham-Univeristy.Lab-1UITests";
				PRODUCT_NAME = "$(TARGET_NAME)";
				SWIFT_EMIT_LOC_STRINGS = NO;
				SWIFT_VERSION = 5.0;
				TARGETED_DEVICE_FAMILY = "1,2";
				TEST_TARGET_NAME = "Lab#1";
			};
			name = Release;
		};
/* End XCBuildConfiguration section */

/* Begin XCConfigurationList section */
		2564974D2E738B46000D577D /* Build configuration list for PBXProject "Lab#1" */ = {
			isa = XCConfigurationList;
			buildConfigurations = (
				256497742E738B48000D577D /* Debug */,
				256497752E738B48000D577D /* Release */,
			);
			defaultConfigurationIsVisible = 0;
			defaultConfigurationName = Release;
		};
		256497762E738B48000D577D /* Build configuration list for PBXNativeTarget "Lab#1" */ = {
			isa = XCConfigurationList;
			buildConfigurations = (
				256497772E738B48000D577D /* Debug */,
				256497782E738B48000D577D /* Release */,
			);
			defaultConfigurationIsVisible = 0;
			defaultConfigurationName = Release;
		};
		256497792E738B48000D577D /* Build configuration list for PBXNativeTarget "Lab#1Tests" */ = {
			isa = XCConfigurationList;
			buildConfigurations = (
				2564977A2E738B48000D577D /* Debug */,
				2564977B2E738B48000D577D /* Release */,
			);
			defaultConfigurationIsVisible = 0;
			defaultConfigurationName = Release;
		};
		2564977C2E738B48000D577D /* Build configuration list for PBXNativeTarget "Lab#1UITests" */ = {
			isa = XCConfigurationList;
			buildConfigurations = (
				2564977D2E738B48000D577D /* Debug */,
				2564977E2E738B48000D577D /* Release */,
			);
			defaultConfigurationIsVisible = 0;
			defaultConfigurationName = Release;
		};
/* End XCConfigurationList section */
	};
	rootObject = 2564974A2E738B46000D577D /* Project object */;
}
