// !$*UTF8*$!
{
	archiveVersion = 1;
	classes = {
	};
	objectVersion = 56;
	objects = {

/* Begin PBXBuildFile section */
		2595FE722E7792DE00994C38 /* trialApp.swift in Sources */ = {isa = PBXBuildFile; fileRef = 2595FE712E7792DE00994C38 /* trialApp.swift */; };
		2595FE742E7792DE00994C38 /* ContentView.swift in Sources */ = {isa = PBXBuildFile; fileRef = 2595FE732E7792DE00994C38 /* ContentView.swift */; };
		2595FE762E7792E000994C38 /* Assets.xcassets in Resources */ = {isa = PBXBuildFile; fileRef = 2595FE752E7792E000994C38 /* Assets.xcassets */; };
		2595FE792E7792E000994C38 /* Preview Assets.xcassets in Resources */ = {isa = PBXBuildFile; fileRef = 2595FE782E7792E000994C38 /* Preview Assets.xcassets */; };
		2595FE832E7792E100994C38 /* trialTests.swift in Sources */ = {isa = PBXBuildFile; fileRef = 2595FE822E7792E100994C38 /* trialTests.swift */; };
		2595FE8D2E7792E100994C38 /* trialUITests.swift in Sources */ = {isa = PBXBuildFile; fileRef = 2595FE8C2E7792E100994C38 /* trialUITests.swift */; };
		2595FE8F2E7792E100994C38 /* trialUITestsLaunchTests.swift in Sources */ = {isa = PBXBuildFile; fileRef = 2595FE8E2E7792E100994C38 /* trialUITestsLaunchTests.swift */; };
/* End PBXBuildFile section */

/* Begin PBXContainerItemProxy section */
		2595FE7F2E7792E100994C38 /* PBXContainerItemProxy */ = {
			isa = PBXContainerItemProxy;
			containerPortal = 2595FE662E7792DE00994C38 /* Project object */;
			proxyType = 1;
			remoteGlobalIDString = 2595FE6D2E7792DE00994C38;
			remoteInfo = trial;
		};
		2595FE892E7792E100994C38 /* PBXContainerItemProxy */ = {
			isa = PBXContainerItemProxy;
			containerPortal = 2595FE662E7792DE00994C38 /* Project object */;
			proxyType = 1;
			remoteGlobalIDString = 2595FE6D2E7792DE00994C38;
			remoteInfo = trial;
		};
/* End PBXContainerItemProxy section */

/* Begin PBXFileReference section */
		2595FE6E2E7792DE00994C38 /* trial.app */ = {isa = PBXFileReference; explicitFileType = wrapper.application; includeInIndex = 0; path = trial.app; sourceTree = BUILT_PRODUCTS_DIR; };
		2595FE712E7792DE00994C38 /* trialApp.swift */ = {isa = PBXFileReference; lastKnownFileType = sourcecode.swift; path = trialApp.swift; sourceTree = "<group>"; };
		2595FE732E7792DE00994C38 /* ContentView.swift */ = {isa = PBXFileReference; lastKnownFileType = sourcecode.swift; path = ContentView.swift; sourceTree = "<group>"; };
		2595FE752E7792E000994C38 /* Assets.xcassets */ = {isa = PBXFileReference; lastKnownFileType = folder.assetcatalog; path = Assets.xcassets; sourceTree = "<group>"; };
		2595FE782E7792E000994C38 /* Preview Assets.xcassets */ = {isa = PBXFileReference; lastKnownFileType = folder.assetcatalog; path = "Preview Assets.xcassets"; sourceTree = "<group>"; };
		2595FE7E2E7792E100994C38 /* trialTests.xctest */ = {isa = PBXFileReference; explicitFileType = wrapper.cfbundle; includeInIndex = 0; path = trialTests.xctest; sourceTree = BUILT_PRODUCTS_DIR; };
		2595FE822E7792E100994C38 /* trialTests.swift */ = {isa = PBXFileReference; lastKnownFileType = sourcecode.swift; path = trialTests.swift; sourceTree = "<group>"; };
		2595FE882E7792E100994C38 /* trialUITests.xctest */ = {isa = PBXFileReference; explicitFileType = wrapper.cfbundle; includeInIndex = 0; path = trialUITests.xctest; sourceTree = BUILT_PRODUCTS_DIR; };
		2595FE8C2E7792E100994C38 /* trialUITests.swift */ = {isa = PBXFileReference; lastKnownFileType = sourcecode.swift; path = trialUITests.swift; sourceTree = "<group>"; };
		2595FE8E2E7792E100994C38 /* trialUITestsLaunchTests.swift */ = {isa = PBXFileReference; lastKnownFileType = sourcecode.swift; path = trialUITestsLaunchTests.swift; sourceTree = "<group>"; };
/* End PBXFileReference section */

/* Begin PBXFrameworksBuildPhase section */
		2595FE6B2E7792DE00994C38 /* Frameworks */ = {
			isa = PBXFrameworksBuildPhase;
			buildActionMask = 2147483647;
			files = (
			);
			runOnlyForDeploymentPostprocessing = 0;
		};
		2595FE7B2E7792E100994C38 /* Frameworks */ = {
			isa = PBXFrameworksBuildPhase;
			buildActionMask = 2147483647;
			files = (
			);
			runOnlyForDeploymentPostprocessing = 0;
		};
		2595FE852E7792E100994C38 /* Frameworks */ = {
			isa = PBXFrameworksBuildPhase;
			buildActionMask = 2147483647;
			files = (
			);
			runOnlyForDeploymentPostprocessing = 0;
		};
/* End PBXFrameworksBuildPhase section */

/* Begin PBXGroup section */
		2595FE652E7792DE00994C38 = {
			isa = PBXGroup;
			children = (
				2595FE702E7792DE00994C38 /* trial */,
				2595FE812E7792E100994C38 /* trialTests */,
				2595FE8B2E7792E100994C38 /* trialUITests */,
				2595FE6F2E7792DE00994C38 /* Products */,
			);
			sourceTree = "<group>";
		};
		2595FE6F2E7792DE00994C38 /* Products */ = {
			isa = PBXGroup;
			children = (
				2595FE6E2E7792DE00994C38 /* trial.app */,
				2595FE7E2E7792E100994C38 /* trialTests.xctest */,
				2595FE882E7792E100994C38 /* trialUITests.xctest */,
			);
			name = Products;
			sourceTree = "<group>";
		};
		2595FE702E7792DE00994C38 /* trial */ = {
			isa = PBXGroup;
			children = (
				2595FE712E7792DE00994C38 /* trialApp.swift */,
				2595FE732E7792DE00994C38 /* ContentView.swift */,
				2595FE752E7792E000994C38 /* Assets.xcassets */,
				2595FE772E7792E000994C38 /* Preview Content */,
			);
			path = trial;
			sourceTree = "<group>";
		};
		2595FE772E7792E000994C38 /* Preview Content */ = {
			isa = PBXGroup;
			children = (
				2595FE782E7792E000994C38 /* Preview Assets.xcassets */,
			);
			path = "Preview Content";
			sourceTree = "<group>";
		};
		2595FE812E7792E100994C38 /* trialTests */ = {
			isa = PBXGroup;
			children = (
				2595FE822E7792E100994C38 /* trialTests.swift */,
			);
			path = trialTests;
			sourceTree = "<group>";
		};
		2595FE8B2E7792E100994C38 /* trialUITests */ = {
			isa = PBXGroup;
			children = (
				2595FE8C2E7792E100994C38 /* trialUITests.swift */,
				2595FE8E2E7792E100994C38 /* trialUITestsLaunchTests.swift */,
			);
			path = trialUITests;
			sourceTree = "<group>";
		};
/* End PBXGroup section */

/* Begin PBXNativeTarget section */
		2595FE6D2E7792DE00994C38 /* trial */ = {
			isa = PBXNativeTarget;
			buildConfigurationList = 2595FE922E7792E100994C38 /* Build configuration list for PBXNativeTarget "trial" */;
			buildPhases = (
				2595FE6A2E7792DE00994C38 /* Sources */,
				2595FE6B2E7792DE00994C38 /* Frameworks */,
				2595FE6C2E7792DE00994C38 /* Resources */,
			);
			buildRules = (
			);
			dependencies = (
			);
			name = trial;
			productName = trial;
			productReference = 2595FE6E2E7792DE00994C38 /* trial.app */;
			productType = "com.apple.product-type.application";
		};
		2595FE7D2E7792E100994C38 /* trialTests */ = {
			isa = PBXNativeTarget;
			buildConfigurationList = 2595FE952E7792E100994C38 /* Build configuration list for PBXNativeTarget "trialTests" */;
			buildPhases = (
				2595FE7A2E7792E100994C38 /* Sources */,
				2595FE7B2E7792E100994C38 /* Frameworks */,
				2595FE7C2E7792E100994C38 /* Resources */,
			);
			buildRules = (
			);
			dependencies = (
				2595FE802E7792E100994C38 /* PBXTargetDependency */,
			);
			name = trialTests;
			productName = trialTests;
			productReference = 2595FE7E2E7792E100994C38 /* trialTests.xctest */;
			productType = "com.apple.product-type.bundle.unit-test";
		};
		2595FE872E7792E100994C38 /* trialUITests */ = {
			isa = PBXNativeTarget;
			buildConfigurationList = 2595FE982E7792E100994C38 /* Build configuration list for PBXNativeTarget "trialUITests" */;
			buildPhases = (
				2595FE842E7792E100994C38 /* Sources */,
				2595FE852E7792E100994C38 /* Frameworks */,
				2595FE862E7792E100994C38 /* Resources */,
			);
			buildRules = (
			);
			dependencies = (
				2595FE8A2E7792E100994C38 /* PBXTargetDependency */,
			);
			name = trialUITests;
			productName = trialUITests;
			productReference = 2595FE882E7792E100994C38 /* trialUITests.xctest */;
			productType = "com.apple.product-type.bundle.ui-testing";
		};
/* End PBXNativeTarget section */

/* Begin PBXProject section */
		2595FE662E7792DE00994C38 /* Project object */ = {
			isa = PBXProject;
			attributes = {
				BuildIndependentTargetsInParallel = 1;
				LastSwiftUpdateCheck = 1520;
				LastUpgradeCheck = 1520;
				TargetAttributes = {
					2595FE6D2E7792DE00994C38 = {
						CreatedOnToolsVersion = 15.2;
					};
					2595FE7D2E7792E100994C38 = {
						CreatedOnToolsVersion = 15.2;
						TestTargetID = 2595FE6D2E7792DE00994C38;
					};
					2595FE872E7792E100994C38 = {
						CreatedOnToolsVersion = 15.2;
						TestTargetID = 2595FE6D2E7792DE00994C38;
					};
				};
			};
			buildConfigurationList = 2595FE692E7792DE00994C38 /* Build configuration list for PBXProject "trial" */;
			compatibilityVersion = "Xcode 14.0";
			developmentRegion = en;
			hasScannedForEncodings = 0;
			knownRegions = (
				en,
				Base,
			);
			mainGroup = 2595FE652E7792DE00994C38;
			productRefGroup = 2595FE6F2E7792DE00994C38 /* Products */;
			projectDirPath = "";
			projectRoot = "";
			targets = (
				2595FE6D2E7792DE00994C38 /* trial */,
				2595FE7D2E7792E100994C38 /* trialTests */,
				2595FE872E7792E100994C38 /* trialUITests */,
			);
		};
/* End PBXProject section */

/* Begin PBXResourcesBuildPhase section */
		2595FE6C2E7792DE00994C38 /* Resources */ = {
			isa = PBXResourcesBuildPhase;
			buildActionMask = 2147483647;
			files = (
				2595FE792E7792E000994C38 /* Preview Assets.xcassets in Resources */,
				2595FE762E7792E000994C38 /* Assets.xcassets in Resources */,
			);
			runOnlyForDeploymentPostprocessing = 0;
		};
		2595FE7C2E7792E100994C38 /* Resources */ = {
			isa = PBXResourcesBuildPhase;
			buildActionMask = 2147483647;
			files = (
			);
			runOnlyForDeploymentPostprocessing = 0;
		};
		2595FE862E7792E100994C38 /* Resources */ = {
			isa = PBXResourcesBuildPhase;
			buildActionMask = 2147483647;
			files = (
			);
			runOnlyForDeploymentPostprocessing = 0;
		};
/* End PBXResourcesBuildPhase section */

/* Begin PBXSourcesBuildPhase section */
		2595FE6A2E7792DE00994C38 /* Sources */ = {
			isa = PBXSourcesBuildPhase;
			buildActionMask = 2147483647;
			files = (
				2595FE742E7792DE00994C38 /* ContentView.swift in Sources */,
				2595FE722E7792DE00994C38 /* trialApp.swift in Sources */,
			);
			runOnlyForDeploymentPostprocessing = 0;
		};
		2595FE7A2E7792E100994C38 /* Sources */ = {
			isa = PBXSourcesBuildPhase;
			buildActionMask = 2147483647;
			files = (
				2595FE832E7792E100994C38 /* trialTests.swift in Sources */,
			);
			runOnlyForDeploymentPostprocessing = 0;
		};
		2595FE842E7792E100994C38 /* Sources */ = {
			isa = PBXSourcesBuildPhase;
			buildActionMask = 2147483647;
			files = (
				2595FE8D2E7792E100994C38 /* trialUITests.swift in Sources */,
				2595FE8F2E7792E100994C38 /* trialUITestsLaunchTests.swift in Sources */,
			);
			runOnlyForDeploymentPostprocessing = 0;
		};
/* End PBXSourcesBuildPhase section */

/* Begin PBXTargetDependency section */
		2595FE802E7792E100994C38 /* PBXTargetDependency */ = {
			isa = PBXTargetDependency;
			target = 2595FE6D2E7792DE00994C38 /* trial */;
			targetProxy = 2595FE7F2E7792E100994C38 /* PBXContainerItemProxy */;
		};
		2595FE8A2E7792E100994C38 /* PBXTargetDependency */ = {
			isa = PBXTargetDependency;
			target = 2595FE6D2E7792DE00994C38 /* trial */;
			targetProxy = 2595FE892E7792E100994C38 /* PBXContainerItemProxy */;
		};
/* End PBXTargetDependency section */

/* Begin XCBuildConfiguration section */
		2595FE902E7792E100994C38 /* Debug */ = {
			isa = XCBuildConfiguration;
			buildSettings = {
				ALWAYS_SEARCH_USER_PATHS = NO;
				ASSETCATALOG_COMPILER_GENERATE_SWIFT_ASSET_SYMBOL_EXTENSIONS = YES;
				CLANG_ANALYZER_NONNULL = YES;
				CLANG_ANALYZER_NUMBER_OBJECT_CONVERSION = YES_AGGRESSIVE;
				CLANG_CXX_LANGUAGE_STANDARD = "gnu++20";
				CLANG_ENABLE_MODULES = YES;
				CLANG_ENABLE_OBJC_ARC = YES;
				CLANG_ENABLE_OBJC_WEAK = YES;
				CLANG_WARN_BLOCK_CAPTURE_AUTORELEASING = YES;
				CLANG_WARN_BOOL_CONVERSION = YES;
				CLANG_WARN_COMMA = YES;
				CLANG_WARN_CONSTANT_CONVERSION = YES;
				CLANG_WARN_DEPRECATED_OBJC_IMPLEMENTATIONS = YES;
				CLANG_WARN_DIRECT_OBJC_ISA_USAGE = YES_ERROR;
				CLANG_WARN_DOCUMENTATION_COMMENTS = YES;
				CLANG_WARN_EMPTY_BODY = YES;
				CLANG_WARN_ENUM_CONVERSION = YES;
				CLANG_WARN_INFINITE_RECURSION = YES;
				CLANG_WARN_INT_CONVERSION = YES;
				CLANG_WARN_NON_LITERAL_NULL_CONVERSION = YES;
				CLANG_WARN_OBJC_IMPLICIT_RETAIN_SELF = YES;
				CLANG_WARN_OBJC_LITERAL_CONVERSION = YES;
				CLANG_WARN_OBJC_ROOT_CLASS = YES_ERROR;
				CLANG_WARN_QUOTED_INCLUDE_IN_FRAMEWORK_HEADER = YES;
				CLANG_WARN_RANGE_LOOP_ANALYSIS = YES;
				CLANG_WARN_STRICT_PROTOTYPES = YES;
				CLANG_WARN_SUSPICIOUS_MOVE = YES;
				CLANG_WARN_UNGUARDED_AVAILABILITY = YES_AGGRESSIVE;
				CLANG_WARN_UNREACHABLE_CODE = YES;
				CLANG_WARN__DUPLICATE_METHOD_MATCH = YES;
				COPY_PHASE_STRIP = NO;
				DEBUG_INFORMATION_FORMAT = dwarf;
				ENABLE_STRICT_OBJC_MSGSEND = YES;
				ENABLE_TESTABILITY = YES;
				ENABLE_USER_SCRIPT_SANDBOXING = YES;
				GCC_C_LANGUAGE_STANDARD = gnu17;
				GCC_DYNAMIC_NO_PIC = NO;
				GCC_NO_COMMON_BLOCKS = YES;
				GCC_OPTIMIZATION_LEVEL = 0;
				GCC_PREPROCESSOR_DEFINITIONS = (
					"DEBUG=1",
					"$(inherited)",
				);
				GCC_WARN_64_TO_32_BIT_CONVERSION = YES;
				GCC_WARN_ABOUT_RETURN_TYPE = YES_ERROR;
				GCC_WARN_UNDECLARED_SELECTOR = YES;
				GCC_WARN_UNINITIALIZED_AUTOS = YES_AGGRESSIVE;
				GCC_WARN_UNUSED_FUNCTION = YES;
				GCC_WARN_UNUSED_VARIABLE = YES;
				IPHONEOS_DEPLOYMENT_TARGET = 17.2;
				LOCALIZATION_PREFERS_STRING_CATALOGS = YES;
				MTL_ENABLE_DEBUG_INFO = INCLUDE_SOURCE;
				MTL_FAST_MATH = YES;
				ONLY_ACTIVE_ARCH = YES;
				SDKROOT = iphoneos;
				SWIFT_ACTIVE_COMPILATION_CONDITIONS = "DEBUG $(inherited)";
				SWIFT_OPTIMIZATION_LEVEL = "-Onone";
			};
			name = Debug;
		};
		2595FE912E7792E100994C38 /* Release */ = {
			isa = XCBuildConfiguration;
			buildSettings = {
				ALWAYS_SEARCH_USER_PATHS = NO;
				ASSETCATALOG_COMPILER_GENERATE_SWIFT_ASSET_SYMBOL_EXTENSIONS = YES;
				CLANG_ANALYZER_NONNULL = YES;
				CLANG_ANALYZER_NUMBER_OBJECT_CONVERSION = YES_AGGRESSIVE;
				CLANG_CXX_LANGUAGE_STANDARD = "gnu++20";
				CLANG_ENABLE_MODULES = YES;
				CLANG_ENABLE_OBJC_ARC = YES;
				CLANG_ENABLE_OBJC_WEAK = YES;
				CLANG_WARN_BLOCK_CAPTURE_AUTORELEASING = YES;
				CLANG_WARN_BOOL_CONVERSION = YES;
				CLANG_WARN_COMMA = YES;
				CLANG_WARN_CONSTANT_CONVERSION = YES;
				CLANG_WARN_DEPRECATED_OBJC_IMPLEMENTATIONS = YES;
				CLANG_WARN_DIRECT_OBJC_ISA_USAGE = YES_ERROR;
				CLANG_WARN_DOCUMENTATION_COMMENTS = YES;
				CLANG_WARN_EMPTY_BODY = YES;
				CLANG_WARN_ENUM_CONVERSION = YES;
				CLANG_WARN_INFINITE_RECURSION = YES;
				CLANG_WARN_INT_CONVERSION = YES;
				CLANG_WARN_NON_LITERAL_NULL_CONVERSION = YES;
				CLANG_WARN_OBJC_IMPLICIT_RETAIN_SELF = YES;
				CLANG_WARN_OBJC_LITERAL_CONVERSION = YES;
				CLANG_WARN_OBJC_ROOT_CLASS = YES_ERROR;
				CLANG_WARN_QUOTED_INCLUDE_IN_FRAMEWORK_HEADER = YES;
				CLANG_WARN_RANGE_LOOP_ANALYSIS = YES;
				CLANG_WARN_STRICT_PROTOTYPES = YES;
				CLANG_WARN_SUSPICIOUS_MOVE = YES;
				CLANG_WARN_UNGUARDED_AVAILABILITY = YES_AGGRESSIVE;
				CLANG_WARN_UNREACHABLE_CODE = YES;
				CLANG_WARN__DUPLICATE_METHOD_MATCH = YES;
				COPY_PHASE_STRIP = NO;
				DEBUG_INFORMATION_FORMAT = "dwarf-with-dsym";
				ENABLE_NS_ASSERTIONS = NO;
				ENABLE_STRICT_OBJC_MSGSEND = YES;
				ENABLE_USER_SCRIPT_SANDBOXING = YES;
				GCC_C_LANGUAGE_STANDARD = gnu17;
				GCC_NO_COMMON_BLOCKS = YES;
				GCC_WARN_64_TO_32_BIT_CONVERSION = YES;
				GCC_WARN_ABOUT_RETURN_TYPE = YES_ERROR;
				GCC_WARN_UNDECLARED_SELECTOR = YES;
				GCC_WARN_UNINITIALIZED_AUTOS = YES_AGGRESSIVE;
				GCC_WARN_UNUSED_FUNCTION = YES;
				GCC_WARN_UNUSED_VARIABLE = YES;
				IPHONEOS_DEPLOYMENT_TARGET = 17.2;
				LOCALIZATION_PREFERS_STRING_CATALOGS = YES;
				MTL_ENABLE_DEBUG_INFO = NO;
				MTL_FAST_MATH = YES;
				SDKROOT = iphoneos;
				SWIFT_COMPILATION_MODE = wholemodule;
				VALIDATE_PRODUCT = YES;
			};
			name = Release;
		};
		2595FE932E7792E100994C38 /* Debug */ = {
			isa = XCBuildConfiguration;
			buildSettings = {
				ASSETCATALOG_COMPILER_APPICON_NAME = AppIcon;
				ASSETCATALOG_COMPILER_GLOBAL_ACCENT_COLOR_NAME = AccentColor;
				CODE_SIGN_STYLE = Automatic;
				CURRENT_PROJECT_VERSION = 1;
				DEVELOPMENT_ASSET_PATHS = "\"trial/Preview Content\"";
				DEVELOPMENT_TEAM = L25G4D8N2N;
				ENABLE_PREVIEWS = YES;
				GENERATE_INFOPLIST_FILE = YES;
				INFOPLIST_KEY_UIApplicationSceneManifest_Generation = YES;
				INFOPLIST_KEY_UIApplicationSupportsIndirectInputEvents = YES;
				INFOPLIST_KEY_UILaunchScreen_Generation = YES;
				INFOPLIST_KEY_UISupportedInterfaceOrientations_iPad = "UIInterfaceOrientationPortrait UIInterfaceOrientationPortraitUpsideDown UIInterfaceOrientationLandscapeLeft UIInterfaceOrientationLandscapeRight";
				INFOPLIST_KEY_UISupportedInterfaceOrientations_iPhone = "UIInterfaceOrientationPortrait UIInterfaceOrientationLandscapeLeft UIInterfaceOrientationLandscapeRight";
				LD_RUNPATH_SEARCH_PATHS = (
					"$(inherited)",
					"@executable_path/Frameworks",
				);
				MARKETING_VERSION = 1.0;
				PRODUCT_BUNDLE_IDENTIFIER = "Fordham-Univeristy.trial";
				PRODUCT_NAME = "$(TARGET_NAME)";
				SWIFT_EMIT_LOC_STRINGS = YES;
				SWIFT_VERSION = 5.0;
				TARGETED_DEVICE_FAMILY = "1,2";
			};
			name = Debug;
		};
		2595FE942E7792E100994C38 /* Release */ = {
			isa = XCBuildConfiguration;
			buildSettings = {
				ASSETCATALOG_COMPILER_APPICON_NAME = AppIcon;
				ASSETCATALOG_COMPILER_GLOBAL_ACCENT_COLOR_NAME = AccentColor;
				CODE_SIGN_STYLE = Automatic;
				CURRENT_PROJECT_VERSION = 1;
				DEVELOPMENT_ASSET_PATHS = "\"trial/Preview Content\"";
				DEVELOPMENT_TEAM = L25G4D8N2N;
				ENABLE_PREVIEWS = YES;
				GENERATE_INFOPLIST_FILE = YES;
				INFOPLIST_KEY_UIApplicationSceneManifest_Generation = YES;
				INFOPLIST_KEY_UIApplicationSupportsIndirectInputEvents = YES;
				INFOPLIST_KEY_UILaunchScreen_Generation = YES;
				INFOPLIST_KEY_UISupportedInterfaceOrientations_iPad = "UIInterfaceOrientationPortrait UIInterfaceOrientationPortraitUpsideDown UIInterfaceOrientationLandscapeLeft UIInterfaceOrientationLandscapeRight";
				INFOPLIST_KEY_UISupportedInterfaceOrientations_iPhone = "UIInterfaceOrientationPortrait UIInterfaceOrientationLandscapeLeft UIInterfaceOrientationLandscapeRight";
				LD_RUNPATH_SEARCH_PATHS = (
					"$(inherited)",
					"@executable_path/Frameworks",
				);
				MARKETING_VERSION = 1.0;
				PRODUCT_BUNDLE_IDENTIFIER = "Fordham-Univeristy.trial";
				PRODUCT_NAME = "$(TARGET_NAME)";
				SWIFT_EMIT_LOC_STRINGS = YES;
				SWIFT_VERSION = 5.0;
				TARGETED_DEVICE_FAMILY = "1,2";
			};
			name = Release;
		};
		2595FE962E7792E100994C38 /* Debug */ = {
			isa = XCBuildConfiguration;
			buildSettings = {
				ALWAYS_EMBED_SWIFT_STANDARD_LIBRARIES = YES;
				BUNDLE_LOADER = "$(TEST_HOST)";
				CODE_SIGN_STYLE = Automatic;
				CURRENT_PROJECT_VERSION = 1;
				DEVELOPMENT_TEAM = L25G4D8N2N;
				GENERATE_INFOPLIST_FILE = YES;
				IPHONEOS_DEPLOYMENT_TARGET = 17.2;
				MARKETING_VERSION = 1.0;
				PRODUCT_BUNDLE_IDENTIFIER = "Fordham-Univeristy.trialTests";
				PRODUCT_NAME = "$(TARGET_NAME)";
				SWIFT_EMIT_LOC_STRINGS = NO;
				SWIFT_VERSION = 5.0;
				TARGETED_DEVICE_FAMILY = "1,2";
				TEST_HOST = "$(BUILT_PRODUCTS_DIR)/trial.app/$(BUNDLE_EXECUTABLE_FOLDER_PATH)/trial";
			};
			name = Debug;
		};
		2595FE972E7792E100994C38 /* Release */ = {
			isa = XCBuildConfiguration;
			buildSettings = {
				ALWAYS_EMBED_SWIFT_STANDARD_LIBRARIES = YES;
				BUNDLE_LOADER = "$(TEST_HOST)";
				CODE_SIGN_STYLE = Automatic;
				CURRENT_PROJECT_VERSION = 1;
				DEVELOPMENT_TEAM = L25G4D8N2N;
				GENERATE_INFOPLIST_FILE = YES;
				IPHONEOS_DEPLOYMENT_TARGET = 17.2;
				MARKETING_VERSION = 1.0;
				PRODUCT_BUNDLE_IDENTIFIER = "Fordham-Univeristy.trialTests";
				PRODUCT_NAME = "$(TARGET_NAME)";
				SWIFT_EMIT_LOC_STRINGS = NO;
				SWIFT_VERSION = 5.0;
				TARGETED_DEVICE_FAMILY = "1,2";
				TEST_HOST = "$(BUILT_PRODUCTS_DIR)/trial.app/$(BUNDLE_EXECUTABLE_FOLDER_PATH)/trial";
			};
			name = Release;
		};
		2595FE992E7792E100994C38 /* Debug */ = {
			isa = XCBuildConfiguration;
			buildSettings = {
				ALWAYS_EMBED_SWIFT_STANDARD_LIBRARIES = YES;
				CODE_SIGN_STYLE = Automatic;
				CURRENT_PROJECT_VERSION = 1;
				DEVELOPMENT_TEAM = L25G4D8N2N;
				GENERATE_INFOPLIST_FILE = YES;
				MARKETING_VERSION = 1.0;
				PRODUCT_BUNDLE_IDENTIFIER = "Fordham-Univeristy.trialUITests";
				PRODUCT_NAME = "$(TARGET_NAME)";
				SWIFT_EMIT_LOC_STRINGS = NO;
				SWIFT_VERSION = 5.0;
				TARGETED_DEVICE_FAMILY = "1,2";
				TEST_TARGET_NAME = trial;
			};
			name = Debug;
		};
		2595FE9A2E7792E100994C38 /* Release */ = {
			isa = XCBuildConfiguration;
			buildSettings = {
				ALWAYS_EMBED_SWIFT_STANDARD_LIBRARIES = YES;
				CODE_SIGN_STYLE = Automatic;
				CURRENT_PROJECT_VERSION = 1;
				DEVELOPMENT_TEAM = L25G4D8N2N;
				GENERATE_INFOPLIST_FILE = YES;
				MARKETING_VERSION = 1.0;
				PRODUCT_BUNDLE_IDENTIFIER = "Fordham-Univeristy.trialUITests";
				PRODUCT_NAME = "$(TARGET_NAME)";
				SWIFT_EMIT_LOC_STRINGS = NO;
				SWIFT_VERSION = 5.0;
				TARGETED_DEVICE_FAMILY = "1,2";
				TEST_TARGET_NAME = trial;
			};
			name = Release;
		};
/* End XCBuildConfiguration section */

/* Begin XCConfigurationList section */
		2595FE692E7792DE00994C38 /* Build configuration list for PBXProject "trial" */ = {
			isa = XCConfigurationList;
			buildConfigurations = (
				2595FE902E7792E100994C38 /* Debug */,
				2595FE912E7792E100994C38 /* Release */,
			);
			defaultConfigurationIsVisible = 0;
			defaultConfigurationName = Release;
		};
		2595FE922E7792E100994C38 /* Build configuration list for PBXNativeTarget "trial" */ = {
			isa = XCConfigurationList;
			buildConfigurations = (
				2595FE932E7792E100994C38 /* Debug */,
				2595FE942E7792E100994C38 /* Release */,
			);
			defaultConfigurationIsVisible = 0;
			defaultConfigurationName = Release;
		};
		2595FE952E7792E100994C38 /* Build configuration list for PBXNativeTarget "trialTests" */ = {
			isa = XCConfigurationList;
			buildConfigurations = (
				2595FE962E7792E100994C38 /* Debug */,
				2595FE972E7792E100994C38 /* Release */,
			);
			defaultConfigurationIsVisible = 0;
			defaultConfigurationName = Release;
		};
		2595FE982E7792E100994C38 /* Build configuration list for PBXNativeTarget "trialUITests" */ = {
			isa = XCConfigurationList;
			buildConfigurations = (
				2595FE992E7792E100994C38 /* Debug */,
				2595FE9A2E7792E100994C38 /* Release */,
			);
			defaultConfigurationIsVisible = 0;
			defaultConfigurationName = Release;
		};
/* End XCConfigurationList section */
	};
	rootObject = 2595FE662E7792DE00994C38 /* Project object */;
}
